
Microsoft Visual Studio Solution File, Format Version 12.00
# Visual Studio Version 16
VisualStudioVersion = 16.0.32002.261
MinimumVisualStudioVersion = 10.0.40219.1
Project("{FAE04EC0-301F-11D3-BF4B-00C04F79EFBC}") = "DaacoWorks.Core", "Core\DaacoWorks.Core.csproj", "{486A0D24-5691-4507-A937-127B9B980470}"
EndProject
Project("{FAE04EC0-301F-11D3-BF4B-00C04F79EFBC}") = "DaacoWorks.Modbus", "Modbus\DaacoWorks.Modbus.csproj", "{6560F0FB-54CD-4C1F-B5BE-B81ED8CEC7A2}"
EndProject
Project("{FAE04EC0-301F-11D3-BF4B-00C04F79EFBC}") = "CoreTest", "CoreTest\CoreTest.csproj", "{D63209C0-B18F-4589-9D86-3BD44923EE60}"
EndProject
Project("{FAE04EC0-301F-11D3-BF4B-00C04F79EFBC}") = "ModBusTest", "ModBusTest\ModBusTest.csproj", "{376C761C-1421-471D-95AB-4705E62AF0A7}"
EndProject
Project("{FAE04EC0-301F-11D3-BF4B-00C04F79EFBC}") = "DaacoWorks.SampleCodes", "Examples\DaacoWorks.SampleCodes.csproj", "{A734963F-174F-495A-A899-265A2E91654B}"
EndProject
Project("{FAE04EC0-301F-11D3-BF4B-00C04F79EFBC}") = "DaacoWorks.Core46", "Core46\DaacoWorks.Core46.csproj", "{D0C66F8F-5BB2-48D7-90CF-0D70537C9ECA}"
EndProject
Project("{FAE04EC0-301F-11D3-BF4B-00C04F79EFBC}") = "DaacoWorks.Modbus46", "Modbus46\DaacoWorks.Modbus46.csproj", "{B6EB0B29-807B-49B7-AC2F-7DAFBC8E8EDA}"
EndProject
Project("{FAE04EC0-301F-11D3-BF4B-00C04F79EFBC}") = "DaacoWorks.Core45", "Core45\DaacoWorks.Core45.csproj", "{F0406080-55CF-47DC-AF1D-30F8FD9488F8}"
EndProject
Project("{FAE04EC0-301F-11D3-BF4B-00C04F79EFBC}") = "DaacoWorks.Modbus45", "Modbus45\DaacoWorks.Modbus45.csproj", "{E79BA84A-DA88-4127-9F44-A1B56519CB17}"
EndProject
Project("{FAE04EC0-301F-11D3-BF4B-00C04F79EFBC}") = "Daacoworks.Extension", "Daacoworks.Extension\Daacoworks.Extension.csproj", "{88C97578-2937-44DD-9C11-521D4D5C7F0E}"
EndProject
Project("{9A19103F-16F7-4668-BE54-9A1E7A4F7556}") = "DaacoWorks.CoreStandard", "CoreStandard\DaacoWorks.CoreStandard.csproj", "{B4161E75-8DA5-4A41-89FE-41DD6E992CD6}"
EndProject
Project("{9A19103F-16F7-4668-BE54-9A1E7A4F7556}") = "DaacoWorks.ModbusStandard", "ModbusStandard\DaacoWorks.ModbusStandard.csproj", "{B94AF10F-3A2C-4BE9-B051-A897AC4FE11C}"
EndProject
Project("{2150E333-8FDC-42A3-9474-1A3956D46DE8}") = "Test", "Test", "{0DBC5592-B121-424C-93C2-D7D5CF0C0023}"
EndProject
Project("{2150E333-8FDC-42A3-9474-1A3956D46DE8}") = "Core", "Core", "{704B5DA0-9A25-43E1-87D3-21AD9A8873D0}"
EndProject
Project("{2150E333-8FDC-42A3-9474-1A3956D46DE8}") = "Modbus", "Modbus", "{FC5F70F7-9D21-445F-86C9-297E9BE6E920}"
EndProject
Project("{D954291E-2A0B-460D-934E-DC6B0785DB48}") = "DaacoWorks.CoreShared", "CoreShared\DaacoWorks.CoreShared.shproj", "{583F19B7-702C-4EC6-8C04-54C3E39BE2B5}"
EndProject
Project("{D954291E-2A0B-460D-934E-DC6B0785DB48}") = "DaacoWorks.ModbusShared", "DaacoWorks.ModbusShared\DaacoWorks.ModbusShared.shproj", "{206D421E-C8D0-4ECB-9E94-9FE5E2FAF47C}"
EndProject
Global
	GlobalSection(SharedMSBuildProjectFiles) = preSolution
		DaacoWorks.ModbusShared\DaacoWorks.ModbusShared.projitems*{206d421e-c8d0-4ecb-9e94-9fe5e2faf47c}*SharedItemsImports = 13
		CoreShared\CoreShared.projitems*{486a0d24-5691-4507-a937-127b9b980470}*SharedItemsImports = 4
		CoreShared\CoreShared.projitems*{583f19b7-702c-4ec6-8c04-54c3e39be2b5}*SharedItemsImports = 13
		DaacoWorks.ModbusShared\DaacoWorks.ModbusShared.projitems*{6560f0fb-54cd-4c1f-b5be-b81ed8cec7a2}*SharedItemsImports = 4
		CoreShared\CoreShared.projitems*{b4161e75-8da5-4a41-89fe-41dd6e992cd6}*SharedItemsImports = 5
		DaacoWorks.ModbusShared\DaacoWorks.ModbusShared.projitems*{b6eb0b29-807b-49b7-ac2f-7dafbc8e8eda}*SharedItemsImports = 4
		DaacoWorks.ModbusShared\DaacoWorks.ModbusShared.projitems*{b94af10f-3a2c-4be9-b051-a897ac4fe11c}*SharedItemsImports = 5
		CoreShared\CoreShared.projitems*{d0c66f8f-5bb2-48d7-90cf-0d70537c9eca}*SharedItemsImports = 4
		DaacoWorks.ModbusShared\DaacoWorks.ModbusShared.projitems*{e79ba84a-da88-4127-9f44-a1b56519cb17}*SharedItemsImports = 4
		CoreShared\CoreShared.projitems*{f0406080-55cf-47dc-af1d-30f8fd9488f8}*SharedItemsImports = 4
	EndGlobalSection
	GlobalSection(SolutionConfigurationPlatforms) = preSolution
		Ad-Hoc|Any CPU = Ad-Hoc|Any CPU
		Ad-Hoc|iPhone = Ad-Hoc|iPhone
		Ad-Hoc|iPhoneSimulator = Ad-Hoc|iPhoneSimulator
		AppStore|Any CPU = AppStore|Any CPU
		AppStore|iPhone = AppStore|iPhone
		AppStore|iPhoneSimulator = AppStore|iPhoneSimulator
		Debug Trial|Any CPU = Debug Trial|Any CPU
		Debug Trial|iPhone = Debug Trial|iPhone
		Debug Trial|iPhoneSimulator = Debug Trial|iPhoneSimulator
		Debug|Any CPU = Debug|Any CPU
		Debug|iPhone = Debug|iPhone
		Debug|iPhoneSimulator = Debug|iPhoneSimulator
		Release Trial|Any CPU = Release Trial|Any CPU
		Release Trial|iPhone = Release Trial|iPhone
		Release Trial|iPhoneSimulator = Release Trial|iPhoneSimulator
		Release|Any CPU = Release|Any CPU
		Release|iPhone = Release|iPhone
		Release|iPhoneSimulator = Release|iPhoneSimulator
	EndGlobalSection
	GlobalSection(ProjectConfigurationPlatforms) = postSolution
		{486A0D24-5691-4507-A937-127B9B980470}.Ad-Hoc|Any CPU.ActiveCfg = Release|Any CPU
		{486A0D24-5691-4507-A937-127B9B980470}.Ad-Hoc|Any CPU.Build.0 = Release|Any CPU
		{486A0D24-5691-4507-A937-127B9B980470}.Ad-Hoc|iPhone.ActiveCfg = Release|Any CPU
		{486A0D24-5691-4507-A937-127B9B980470}.Ad-Hoc|iPhone.Build.0 = Release|Any CPU
		{486A0D24-5691-4507-A937-127B9B980470}.Ad-Hoc|iPhoneSimulator.ActiveCfg = Release|Any CPU
		{486A0D24-5691-4507-A937-127B9B980470}.Ad-Hoc|iPhoneSimulator.Build.0 = Release|Any CPU
		{486A0D24-5691-4507-A937-127B9B980470}.AppStore|Any CPU.ActiveCfg = Release|Any CPU
		{486A0D24-5691-4507-A937-127B9B980470}.AppStore|Any CPU.Build.0 = Release|Any CPU
		{486A0D24-5691-4507-A937-127B9B980470}.AppStore|iPhone.ActiveCfg = Release|Any CPU
		{486A0D24-5691-4507-A937-127B9B980470}.AppStore|iPhone.Build.0 = Release|Any CPU
		{486A0D24-5691-4507-A937-127B9B980470}.AppStore|iPhoneSimulator.ActiveCfg = Release|Any CPU
		{486A0D24-5691-4507-A937-127B9B980470}.AppStore|iPhoneSimulator.Build.0 = Release|Any CPU
		{486A0D24-5691-4507-A937-127B9B980470}.Debug Trial|Any CPU.ActiveCfg = Debug Trial|Any CPU
		{486A0D24-5691-4507-A937-127B9B980470}.Debug Trial|Any CPU.Build.0 = Debug Trial|Any CPU
		{486A0D24-5691-4507-A937-127B9B980470}.Debug Trial|iPhone.ActiveCfg = Debug Trial|Any CPU
		{486A0D24-5691-4507-A937-127B9B980470}.Debug Trial|iPhone.Build.0 = Debug Trial|Any CPU
		{486A0D24-5691-4507-A937-127B9B980470}.Debug Trial|iPhoneSimulator.ActiveCfg = Debug Trial|Any CPU
		{486A0D24-5691-4507-A937-127B9B980470}.Debug Trial|iPhoneSimulator.Build.0 = Debug Trial|Any CPU
		{486A0D24-5691-4507-A937-127B9B980470}.Debug|Any CPU.ActiveCfg = Debug|Any CPU
		{486A0D24-5691-4507-A937-127B9B980470}.Debug|Any CPU.Build.0 = Debug|Any CPU
		{486A0D24-5691-4507-A937-127B9B980470}.Debug|iPhone.ActiveCfg = Debug|Any CPU
		{486A0D24-5691-4507-A937-127B9B980470}.Debug|iPhone.Build.0 = Debug|Any CPU
		{486A0D24-5691-4507-A937-127B9B980470}.Debug|iPhoneSimulator.ActiveCfg = Debug|Any CPU
		{486A0D24-5691-4507-A937-127B9B980470}.Debug|iPhoneSimulator.Build.0 = Debug|Any CPU
		{486A0D24-5691-4507-A937-127B9B980470}.Release Trial|Any CPU.ActiveCfg = Release Trial|Any CPU
		{486A0D24-5691-4507-A937-127B9B980470}.Release Trial|Any CPU.Build.0 = Release Trial|Any CPU
		{486A0D24-5691-4507-A937-127B9B980470}.Release Trial|iPhone.ActiveCfg = Release Trial|Any CPU
		{486A0D24-5691-4507-A937-127B9B980470}.Release Trial|iPhone.Build.0 = Release Trial|Any CPU
		{486A0D24-5691-4507-A937-127B9B980470}.Release Trial|iPhoneSimulator.ActiveCfg = Release Trial|Any CPU
		{486A0D24-5691-4507-A937-127B9B980470}.Release Trial|iPhoneSimulator.Build.0 = Release Trial|Any CPU
		{486A0D24-5691-4507-A937-127B9B980470}.Release|Any CPU.ActiveCfg = Release|Any CPU
		{486A0D24-5691-4507-A937-127B9B980470}.Release|Any CPU.Build.0 = Release|Any CPU
		{486A0D24-5691-4507-A937-127B9B980470}.Release|iPhone.ActiveCfg = Release|Any CPU
		{486A0D24-5691-4507-A937-127B9B980470}.Release|iPhone.Build.0 = Release|Any CPU
		{486A0D24-5691-4507-A937-127B9B980470}.Release|iPhoneSimulator.ActiveCfg = Release|Any CPU
		{486A0D24-5691-4507-A937-127B9B980470}.Release|iPhoneSimulator.Build.0 = Release|Any CPU
		{6560F0FB-54CD-4C1F-B5BE-B81ED8CEC7A2}.Ad-Hoc|Any CPU.ActiveCfg = Release|Any CPU
		{6560F0FB-54CD-4C1F-B5BE-B81ED8CEC7A2}.Ad-Hoc|Any CPU.Build.0 = Release|Any CPU
		{6560F0FB-54CD-4C1F-B5BE-B81ED8CEC7A2}.Ad-Hoc|iPhone.ActiveCfg = Release|Any CPU
		{6560F0FB-54CD-4C1F-B5BE-B81ED8CEC7A2}.Ad-Hoc|iPhone.Build.0 = Release|Any CPU
		{6560F0FB-54CD-4C1F-B5BE-B81ED8CEC7A2}.Ad-Hoc|iPhoneSimulator.ActiveCfg = Release|Any CPU
		{6560F0FB-54CD-4C1F-B5BE-B81ED8CEC7A2}.Ad-Hoc|iPhoneSimulator.Build.0 = Release|Any CPU
		{6560F0FB-54CD-4C1F-B5BE-B81ED8CEC7A2}.AppStore|Any CPU.ActiveCfg = Release|Any CPU
		{6560F0FB-54CD-4C1F-B5BE-B81ED8CEC7A2}.AppStore|Any CPU.Build.0 = Release|Any CPU
		{6560F0FB-54CD-4C1F-B5BE-B81ED8CEC7A2}.AppStore|iPhone.ActiveCfg = Release|Any CPU
		{6560F0FB-54CD-4C1F-B5BE-B81ED8CEC7A2}.AppStore|iPhone.Build.0 = Release|Any CPU
		{6560F0FB-54CD-4C1F-B5BE-B81ED8CEC7A2}.AppStore|iPhoneSimulator.ActiveCfg = Release|Any CPU
		{6560F0FB-54CD-4C1F-B5BE-B81ED8CEC7A2}.AppStore|iPhoneSimulator.Build.0 = Release|Any CPU
		{6560F0FB-54CD-4C1F-B5BE-B81ED8CEC7A2}.Debug Trial|Any CPU.ActiveCfg = Debug Trial|Any CPU
		{6560F0FB-54CD-4C1F-B5BE-B81ED8CEC7A2}.Debug Trial|Any CPU.Build.0 = Debug Trial|Any CPU
		{6560F0FB-54CD-4C1F-B5BE-B81ED8CEC7A2}.Debug Trial|iPhone.ActiveCfg = Debug Trial|Any CPU
		{6560F0FB-54CD-4C1F-B5BE-B81ED8CEC7A2}.Debug Trial|iPhone.Build.0 = Debug Trial|Any CPU
		{6560F0FB-54CD-4C1F-B5BE-B81ED8CEC7A2}.Debug Trial|iPhoneSimulator.ActiveCfg = Debug Trial|Any CPU
		{6560F0FB-54CD-4C1F-B5BE-B81ED8CEC7A2}.Debug Trial|iPhoneSimulator.Build.0 = Debug Trial|Any CPU
		{6560F0FB-54CD-4C1F-B5BE-B81ED8CEC7A2}.Debug|Any CPU.ActiveCfg = Debug|Any CPU
		{6560F0FB-54CD-4C1F-B5BE-B81ED8CEC7A2}.Debug|Any CPU.Build.0 = Debug|Any CPU
		{6560F0FB-54CD-4C1F-B5BE-B81ED8CEC7A2}.Debug|iPhone.ActiveCfg = Debug|Any CPU
		{6560F0FB-54CD-4C1F-B5BE-B81ED8CEC7A2}.Debug|iPhone.Build.0 = Debug|Any CPU
		{6560F0FB-54CD-4C1F-B5BE-B81ED8CEC7A2}.Debug|iPhoneSimulator.ActiveCfg = Debug|Any CPU
		{6560F0FB-54CD-4C1F-B5BE-B81ED8CEC7A2}.Debug|iPhoneSimulator.Build.0 = Debug|Any CPU
		{6560F0FB-54CD-4C1F-B5BE-B81ED8CEC7A2}.Release Trial|Any CPU.ActiveCfg = Release Trial|Any CPU
		{6560F0FB-54CD-4C1F-B5BE-B81ED8CEC7A2}.Release Trial|Any CPU.Build.0 = Release Trial|Any CPU
		{6560F0FB-54CD-4C1F-B5BE-B81ED8CEC7A2}.Release Trial|iPhone.ActiveCfg = Release Trial|Any CPU
		{6560F0FB-54CD-4C1F-B5BE-B81ED8CEC7A2}.Release Trial|iPhone.Build.0 = Release Trial|Any CPU
		{6560F0FB-54CD-4C1F-B5BE-B81ED8CEC7A2}.Release Trial|iPhoneSimulator.ActiveCfg = Release Trial|Any CPU
		{6560F0FB-54CD-4C1F-B5BE-B81ED8CEC7A2}.Release Trial|iPhoneSimulator.Build.0 = Release Trial|Any CPU
		{6560F0FB-54CD-4C1F-B5BE-B81ED8CEC7A2}.Release|Any CPU.ActiveCfg = Release|Any CPU
		{6560F0FB-54CD-4C1F-B5BE-B81ED8CEC7A2}.Release|Any CPU.Build.0 = Release|Any CPU
		{6560F0FB-54CD-4C1F-B5BE-B81ED8CEC7A2}.Release|iPhone.ActiveCfg = Release|Any CPU
		{6560F0FB-54CD-4C1F-B5BE-B81ED8CEC7A2}.Release|iPhone.Build.0 = Release|Any CPU
		{6560F0FB-54CD-4C1F-B5BE-B81ED8CEC7A2}.Release|iPhoneSimulator.ActiveCfg = Release|Any CPU
		{6560F0FB-54CD-4C1F-B5BE-B81ED8CEC7A2}.Release|iPhoneSimulator.Build.0 = Release|Any CPU
		{E8ACBE23-264D-4FCD-98C4-88D58BFCBEDD}.Ad-Hoc|Any CPU.ActiveCfg = Release|Any CPU
		{E8ACBE23-264D-4FCD-98C4-88D58BFCBEDD}.Ad-Hoc|Any CPU.Build.0 = Release|Any CPU
		{E8ACBE23-264D-4FCD-98C4-88D58BFCBEDD}.Ad-Hoc|iPhone.ActiveCfg = Release|Any CPU
		{E8ACBE23-264D-4FCD-98C4-88D58BFCBEDD}.Ad-Hoc|iPhone.Build.0 = Release|Any CPU
		{E8ACBE23-264D-4FCD-98C4-88D58BFCBEDD}.Ad-Hoc|iPhoneSimulator.ActiveCfg = Release|Any CPU
		{E8ACBE23-264D-4FCD-98C4-88D58BFCBEDD}.Ad-Hoc|iPhoneSimulator.Build.0 = Release|Any CPU
		{E8ACBE23-264D-4FCD-98C4-88D58BFCBEDD}.AppStore|Any CPU.ActiveCfg = Release|Any CPU
		{E8ACBE23-264D-4FCD-98C4-88D58BFCBEDD}.AppStore|Any CPU.Build.0 = Release|Any CPU
		{E8ACBE23-264D-4FCD-98C4-88D58BFCBEDD}.AppStore|iPhone.ActiveCfg = Release|Any CPU
		{E8ACBE23-264D-4FCD-98C4-88D58BFCBEDD}.AppStore|iPhone.Build.0 = Release|Any CPU
		{E8ACBE23-264D-4FCD-98C4-88D58BFCBEDD}.AppStore|iPhoneSimulator.ActiveCfg = Release|Any CPU
		{E8ACBE23-264D-4FCD-98C4-88D58BFCBEDD}.AppStore|iPhoneSimulator.Build.0 = Release|Any CPU
		{E8ACBE23-264D-4FCD-98C4-88D58BFCBEDD}.Debug Trial|Any CPU.ActiveCfg = Debug Trial|Any CPU
		{E8ACBE23-264D-4FCD-98C4-88D58BFCBEDD}.Debug Trial|Any CPU.Build.0 = Debug Trial|Any CPU
		{E8ACBE23-264D-4FCD-98C4-88D58BFCBEDD}.Debug Trial|iPhone.ActiveCfg = Debug Trial|Any CPU
		{E8ACBE23-264D-4FCD-98C4-88D58BFCBEDD}.Debug Trial|iPhone.Build.0 = Debug Trial|Any CPU
		{E8ACBE23-264D-4FCD-98C4-88D58BFCBEDD}.Debug Trial|iPhoneSimulator.ActiveCfg = Debug Trial|Any CPU
		{E8ACBE23-264D-4FCD-98C4-88D58BFCBEDD}.Debug Trial|iPhoneSimulator.Build.0 = Debug Trial|Any CPU
		{E8ACBE23-264D-4FCD-98C4-88D58BFCBEDD}.Debug|Any CPU.ActiveCfg = Debug|Any CPU
		{E8ACBE23-264D-4FCD-98C4-88D58BFCBEDD}.Debug|Any CPU.Build.0 = Debug|Any CPU
		{E8ACBE23-264D-4FCD-98C4-88D58BFCBEDD}.Debug|iPhone.ActiveCfg = Debug|Any CPU
		{E8ACBE23-264D-4FCD-98C4-88D58BFCBEDD}.Debug|iPhone.Build.0 = Debug|Any CPU
		{E8ACBE23-264D-4FCD-98C4-88D58BFCBEDD}.Debug|iPhoneSimulator.ActiveCfg = Debug|Any CPU
		{E8ACBE23-264D-4FCD-98C4-88D58BFCBEDD}.Debug|iPhoneSimulator.Build.0 = Debug|Any CPU
		{E8ACBE23-264D-4FCD-98C4-88D58BFCBEDD}.Release Trial|Any CPU.ActiveCfg = Release Trial|Any CPU
		{E8ACBE23-264D-4FCD-98C4-88D58BFCBEDD}.Release Trial|Any CPU.Build.0 = Release Trial|Any CPU
		{E8ACBE23-264D-4FCD-98C4-88D58BFCBEDD}.Release Trial|iPhone.ActiveCfg = Release Trial|Any CPU
		{E8ACBE23-264D-4FCD-98C4-88D58BFCBEDD}.Release Trial|iPhone.Build.0 = Release Trial|Any CPU
		{E8ACBE23-264D-4FCD-98C4-88D58BFCBEDD}.Release Trial|iPhoneSimulator.ActiveCfg = Release Trial|Any CPU
		{E8ACBE23-264D-4FCD-98C4-88D58BFCBEDD}.Release Trial|iPhoneSimulator.Build.0 = Release Trial|Any CPU
		{E8ACBE23-264D-4FCD-98C4-88D58BFCBEDD}.Release|Any CPU.ActiveCfg = Release|Any CPU
		{E8ACBE23-264D-4FCD-98C4-88D58BFCBEDD}.Release|Any CPU.Build.0 = Release|Any CPU
		{E8ACBE23-264D-4FCD-98C4-88D58BFCBEDD}.Release|iPhone.ActiveCfg = Release|Any CPU
		{E8ACBE23-264D-4FCD-98C4-88D58BFCBEDD}.Release|iPhone.Build.0 = Release|Any CPU
		{E8ACBE23-264D-4FCD-98C4-88D58BFCBEDD}.Release|iPhoneSimulator.ActiveCfg = Release|Any CPU
		{E8ACBE23-264D-4FCD-98C4-88D58BFCBEDD}.Release|iPhoneSimulator.Build.0 = Release|Any CPU
		{D63209C0-B18F-4589-9D86-3BD44923EE60}.Ad-Hoc|Any CPU.ActiveCfg = Release|Any CPU
		{D63209C0-B18F-4589-9D86-3BD44923EE60}.Ad-Hoc|Any CPU.Build.0 = Release|Any CPU
		{D63209C0-B18F-4589-9D86-3BD44923EE60}.Ad-Hoc|iPhone.ActiveCfg = Release|Any CPU
		{D63209C0-B18F-4589-9D86-3BD44923EE60}.Ad-Hoc|iPhone.Build.0 = Release|Any CPU
		{D63209C0-B18F-4589-9D86-3BD44923EE60}.Ad-Hoc|iPhoneSimulator.ActiveCfg = Release|Any CPU
		{D63209C0-B18F-4589-9D86-3BD44923EE60}.Ad-Hoc|iPhoneSimulator.Build.0 = Release|Any CPU
		{D63209C0-B18F-4589-9D86-3BD44923EE60}.AppStore|Any CPU.ActiveCfg = Release|Any CPU
		{D63209C0-B18F-4589-9D86-3BD44923EE60}.AppStore|Any CPU.Build.0 = Release|Any CPU
		{D63209C0-B18F-4589-9D86-3BD44923EE60}.AppStore|iPhone.ActiveCfg = Release|Any CPU
		{D63209C0-B18F-4589-9D86-3BD44923EE60}.AppStore|iPhone.Build.0 = Release|Any CPU
		{D63209C0-B18F-4589-9D86-3BD44923EE60}.AppStore|iPhoneSimulator.ActiveCfg = Release|Any CPU
		{D63209C0-B18F-4589-9D86-3BD44923EE60}.AppStore|iPhoneSimulator.Build.0 = Release|Any CPU
		{D63209C0-B18F-4589-9D86-3BD44923EE60}.Debug Trial|Any CPU.ActiveCfg = Debug Trial|Any CPU
		{D63209C0-B18F-4589-9D86-3BD44923EE60}.Debug Trial|Any CPU.Build.0 = Debug Trial|Any CPU
		{D63209C0-B18F-4589-9D86-3BD44923EE60}.Debug Trial|iPhone.ActiveCfg = Debug Trial|Any CPU
		{D63209C0-B18F-4589-9D86-3BD44923EE60}.Debug Trial|iPhone.Build.0 = Debug Trial|Any CPU
		{D63209C0-B18F-4589-9D86-3BD44923EE60}.Debug Trial|iPhoneSimulator.ActiveCfg = Debug Trial|Any CPU
		{D63209C0-B18F-4589-9D86-3BD44923EE60}.Debug Trial|iPhoneSimulator.Build.0 = Debug Trial|Any CPU
		{D63209C0-B18F-4589-9D86-3BD44923EE60}.Debug|Any CPU.ActiveCfg = Debug|Any CPU
		{D63209C0-B18F-4589-9D86-3BD44923EE60}.Debug|Any CPU.Build.0 = Debug|Any CPU
		{D63209C0-B18F-4589-9D86-3BD44923EE60}.Debug|iPhone.ActiveCfg = Debug|Any CPU
		{D63209C0-B18F-4589-9D86-3BD44923EE60}.Debug|iPhone.Build.0 = Debug|Any CPU
		{D63209C0-B18F-4589-9D86-3BD44923EE60}.Debug|iPhoneSimulator.ActiveCfg = Debug|Any CPU
		{D63209C0-B18F-4589-9D86-3BD44923EE60}.Debug|iPhoneSimulator.Build.0 = Debug|Any CPU
		{D63209C0-B18F-4589-9D86-3BD44923EE60}.Release Trial|Any CPU.ActiveCfg = Release Trial|Any CPU
		{D63209C0-B18F-4589-9D86-3BD44923EE60}.Release Trial|Any CPU.Build.0 = Release Trial|Any CPU
		{D63209C0-B18F-4589-9D86-3BD44923EE60}.Release Trial|iPhone.ActiveCfg = Release Trial|Any CPU
		{D63209C0-B18F-4589-9D86-3BD44923EE60}.Release Trial|iPhone.Build.0 = Release Trial|Any CPU
		{D63209C0-B18F-4589-9D86-3BD44923EE60}.Release Trial|iPhoneSimulator.ActiveCfg = Release Trial|Any CPU
		{D63209C0-B18F-4589-9D86-3BD44923EE60}.Release Trial|iPhoneSimulator.Build.0 = Release Trial|Any CPU
		{D63209C0-B18F-4589-9D86-3BD44923EE60}.Release|Any CPU.ActiveCfg = Release|Any CPU
		{D63209C0-B18F-4589-9D86-3BD44923EE60}.Release|Any CPU.Build.0 = Release|Any CPU
		{D63209C0-B18F-4589-9D86-3BD44923EE60}.Release|iPhone.ActiveCfg = Release|Any CPU
		{D63209C0-B18F-4589-9D86-3BD44923EE60}.Release|iPhone.Build.0 = Release|Any CPU
		{D63209C0-B18F-4589-9D86-3BD44923EE60}.Release|iPhoneSimulator.ActiveCfg = Release|Any CPU
		{D63209C0-B18F-4589-9D86-3BD44923EE60}.Release|iPhoneSimulator.Build.0 = Release|Any CPU
		{376C761C-1421-471D-95AB-4705E62AF0A7}.Ad-Hoc|Any CPU.ActiveCfg = Release|Any CPU
		{376C761C-1421-471D-95AB-4705E62AF0A7}.Ad-Hoc|Any CPU.Build.0 = Release|Any CPU
		{376C761C-1421-471D-95AB-4705E62AF0A7}.Ad-Hoc|iPhone.ActiveCfg = Release|Any CPU
		{376C761C-1421-471D-95AB-4705E62AF0A7}.Ad-Hoc|iPhone.Build.0 = Release|Any CPU
		{376C761C-1421-471D-95AB-4705E62AF0A7}.Ad-Hoc|iPhoneSimulator.ActiveCfg = Release|Any CPU
		{376C761C-1421-471D-95AB-4705E62AF0A7}.Ad-Hoc|iPhoneSimulator.Build.0 = Release|Any CPU
		{376C761C-1421-471D-95AB-4705E62AF0A7}.AppStore|Any CPU.ActiveCfg = Release|Any CPU
		{376C761C-1421-471D-95AB-4705E62AF0A7}.AppStore|Any CPU.Build.0 = Release|Any CPU
		{376C761C-1421-471D-95AB-4705E62AF0A7}.AppStore|iPhone.ActiveCfg = Release|Any CPU
		{376C761C-1421-471D-95AB-4705E62AF0A7}.AppStore|iPhone.Build.0 = Release|Any CPU
		{376C761C-1421-471D-95AB-4705E62AF0A7}.AppStore|iPhoneSimulator.ActiveCfg = Release|Any CPU
		{376C761C-1421-471D-95AB-4705E62AF0A7}.AppStore|iPhoneSimulator.Build.0 = Release|Any CPU
		{376C761C-1421-471D-95AB-4705E62AF0A7}.Debug Trial|Any CPU.ActiveCfg = Debug Trial|Any CPU
		{376C761C-1421-471D-95AB-4705E62AF0A7}.Debug Trial|Any CPU.Build.0 = Debug Trial|Any CPU
		{376C761C-1421-471D-95AB-4705E62AF0A7}.Debug Trial|iPhone.ActiveCfg = Debug Trial|Any CPU
		{376C761C-1421-471D-95AB-4705E62AF0A7}.Debug Trial|iPhone.Build.0 = Debug Trial|Any CPU
		{376C761C-1421-471D-95AB-4705E62AF0A7}.Debug Trial|iPhoneSimulator.ActiveCfg = Debug Trial|Any CPU
		{376C761C-1421-471D-95AB-4705E62AF0A7}.Debug Trial|iPhoneSimulator.Build.0 = Debug Trial|Any CPU
		{376C761C-1421-471D-95AB-4705E62AF0A7}.Debug|Any CPU.ActiveCfg = Debug|Any CPU
		{376C761C-1421-471D-95AB-4705E62AF0A7}.Debug|Any CPU.Build.0 = Debug|Any CPU
		{376C761C-1421-471D-95AB-4705E62AF0A7}.Debug|iPhone.ActiveCfg = Debug|Any CPU
		{376C761C-1421-471D-95AB-4705E62AF0A7}.Debug|iPhone.Build.0 = Debug|Any CPU
		{376C761C-1421-471D-95AB-4705E62AF0A7}.Debug|iPhoneSimulator.ActiveCfg = Debug|Any CPU
		{376C761C-1421-471D-95AB-4705E62AF0A7}.Debug|iPhoneSimulator.Build.0 = Debug|Any CPU
		{376C761C-1421-471D-95AB-4705E62AF0A7}.Release Trial|Any CPU.ActiveCfg = Release Trial|Any CPU
		{376C761C-1421-471D-95AB-4705E62AF0A7}.Release Trial|Any CPU.Build.0 = Release Trial|Any CPU
		{376C761C-1421-471D-95AB-4705E62AF0A7}.Release Trial|iPhone.ActiveCfg = Release Trial|Any CPU
		{376C761C-1421-471D-95AB-4705E62AF0A7}.Release Trial|iPhone.Build.0 = Release Trial|Any CPU
		{376C761C-1421-471D-95AB-4705E62AF0A7}.Release Trial|iPhoneSimulator.ActiveCfg = Release Trial|Any CPU
		{376C761C-1421-471D-95AB-4705E62AF0A7}.Release Trial|iPhoneSimulator.Build.0 = Release Trial|Any CPU
		{376C761C-1421-471D-95AB-4705E62AF0A7}.Release|Any CPU.ActiveCfg = Release|Any CPU
		{376C761C-1421-471D-95AB-4705E62AF0A7}.Release|Any CPU.Build.0 = Release|Any CPU
		{376C761C-1421-471D-95AB-4705E62AF0A7}.Release|iPhone.ActiveCfg = Release|Any CPU
		{376C761C-1421-471D-95AB-4705E62AF0A7}.Release|iPhone.Build.0 = Release|Any CPU
		{376C761C-1421-471D-95AB-4705E62AF0A7}.Release|iPhoneSimulator.ActiveCfg = Release|Any CPU
		{376C761C-1421-471D-95AB-4705E62AF0A7}.Release|iPhoneSimulator.Build.0 = Release|Any CPU
		{A734963F-174F-495A-A899-265A2E91654B}.Ad-Hoc|Any CPU.ActiveCfg = Release Trial|Any CPU
		{A734963F-174F-495A-A899-265A2E91654B}.Ad-Hoc|Any CPU.Build.0 = Release Trial|Any CPU
		{A734963F-174F-495A-A899-265A2E91654B}.Ad-Hoc|iPhone.ActiveCfg = Release Trial|Any CPU
		{A734963F-174F-495A-A899-265A2E91654B}.Ad-Hoc|iPhone.Build.0 = Release Trial|Any CPU
		{A734963F-174F-495A-A899-265A2E91654B}.Ad-Hoc|iPhoneSimulator.ActiveCfg = Release Trial|Any CPU
		{A734963F-174F-495A-A899-265A2E91654B}.Ad-Hoc|iPhoneSimulator.Build.0 = Release Trial|Any CPU
		{A734963F-174F-495A-A899-265A2E91654B}.AppStore|Any CPU.ActiveCfg = Release Trial|Any CPU
		{A734963F-174F-495A-A899-265A2E91654B}.AppStore|Any CPU.Build.0 = Release Trial|Any CPU
		{A734963F-174F-495A-A899-265A2E91654B}.AppStore|iPhone.ActiveCfg = Release Trial|Any CPU
		{A734963F-174F-495A-A899-265A2E91654B}.AppStore|iPhone.Build.0 = Release Trial|Any CPU
		{A734963F-174F-495A-A899-265A2E91654B}.AppStore|iPhoneSimulator.ActiveCfg = Release Trial|Any CPU
		{A734963F-174F-495A-A899-265A2E91654B}.AppStore|iPhoneSimulator.Build.0 = Release Trial|Any CPU
		{A734963F-174F-495A-A899-265A2E91654B}.Debug Trial|Any CPU.ActiveCfg = Debug|Any CPU
		{A734963F-174F-495A-A899-265A2E91654B}.Debug Trial|Any CPU.Build.0 = Debug|Any CPU
		{A734963F-174F-495A-A899-265A2E91654B}.Debug Trial|iPhone.ActiveCfg = Debug Trial|Any CPU
		{A734963F-174F-495A-A899-265A2E91654B}.Debug Trial|iPhone.Build.0 = Debug Trial|Any CPU
		{A734963F-174F-495A-A899-265A2E91654B}.Debug Trial|iPhoneSimulator.ActiveCfg = Debug Trial|Any CPU
		{A734963F-174F-495A-A899-265A2E91654B}.Debug Trial|iPhoneSimulator.Build.0 = Debug Trial|Any CPU
		{A734963F-174F-495A-A899-265A2E91654B}.Debug|Any CPU.ActiveCfg = Debug|Any CPU
		{A734963F-174F-495A-A899-265A2E91654B}.Debug|Any CPU.Build.0 = Debug|Any CPU
		{A734963F-174F-495A-A899-265A2E91654B}.Debug|iPhone.ActiveCfg = Debug|Any CPU
		{A734963F-174F-495A-A899-265A2E91654B}.Debug|iPhone.Build.0 = Debug|Any CPU
		{A734963F-174F-495A-A899-265A2E91654B}.Debug|iPhoneSimulator.ActiveCfg = Debug|Any CPU
		{A734963F-174F-495A-A899-265A2E91654B}.Debug|iPhoneSimulator.Build.0 = Debug|Any CPU
		{A734963F-174F-495A-A899-265A2E91654B}.Release Trial|Any CPU.ActiveCfg = Release|Any CPU
		{A734963F-174F-495A-A899-265A2E91654B}.Release Trial|Any CPU.Build.0 = Release|Any CPU
		{A734963F-174F-495A-A899-265A2E91654B}.Release Trial|iPhone.ActiveCfg = Release Trial|Any CPU
		{A734963F-174F-495A-A899-265A2E91654B}.Release Trial|iPhone.Build.0 = Release Trial|Any CPU
		{A734963F-174F-495A-A899-265A2E91654B}.Release Trial|iPhoneSimulator.ActiveCfg = Release Trial|Any CPU
		{A734963F-174F-495A-A899-265A2E91654B}.Release Trial|iPhoneSimulator.Build.0 = Release Trial|Any CPU
		{A734963F-174F-495A-A899-265A2E91654B}.Release|Any CPU.ActiveCfg = Release|Any CPU
		{A734963F-174F-495A-A899-265A2E91654B}.Release|Any CPU.Build.0 = Release|Any CPU
		{A734963F-174F-495A-A899-265A2E91654B}.Release|iPhone.ActiveCfg = Release|Any CPU
		{A734963F-174F-495A-A899-265A2E91654B}.Release|iPhone.Build.0 = Release|Any CPU
		{A734963F-174F-495A-A899-265A2E91654B}.Release|iPhoneSimulator.ActiveCfg = Release|Any CPU
		{A734963F-174F-495A-A899-265A2E91654B}.Release|iPhoneSimulator.Build.0 = Release|Any CPU
		{D0C66F8F-5BB2-48D7-90CF-0D70537C9ECA}.Ad-Hoc|Any CPU.ActiveCfg = Release|Any CPU
		{D0C66F8F-5BB2-48D7-90CF-0D70537C9ECA}.Ad-Hoc|Any CPU.Build.0 = Release|Any CPU
		{D0C66F8F-5BB2-48D7-90CF-0D70537C9ECA}.Ad-Hoc|iPhone.ActiveCfg = Release|Any CPU
		{D0C66F8F-5BB2-48D7-90CF-0D70537C9ECA}.Ad-Hoc|iPhone.Build.0 = Release|Any CPU
		{D0C66F8F-5BB2-48D7-90CF-0D70537C9ECA}.Ad-Hoc|iPhoneSimulator.ActiveCfg = Release|Any CPU
		{D0C66F8F-5BB2-48D7-90CF-0D70537C9ECA}.Ad-Hoc|iPhoneSimulator.Build.0 = Release|Any CPU
		{D0C66F8F-5BB2-48D7-90CF-0D70537C9ECA}.AppStore|Any CPU.ActiveCfg = Release|Any CPU
		{D0C66F8F-5BB2-48D7-90CF-0D70537C9ECA}.AppStore|Any CPU.Build.0 = Release|Any CPU
		{D0C66F8F-5BB2-48D7-90CF-0D70537C9ECA}.AppStore|iPhone.ActiveCfg = Release|Any CPU
		{D0C66F8F-5BB2-48D7-90CF-0D70537C9ECA}.AppStore|iPhone.Build.0 = Release|Any CPU
		{D0C66F8F-5BB2-48D7-90CF-0D70537C9ECA}.AppStore|iPhoneSimulator.ActiveCfg = Release|Any CPU
		{D0C66F8F-5BB2-48D7-90CF-0D70537C9ECA}.AppStore|iPhoneSimulator.Build.0 = Release|Any CPU
		{D0C66F8F-5BB2-48D7-90CF-0D70537C9ECA}.Debug Trial|Any CPU.ActiveCfg = Debug Trial|Any CPU
		{D0C66F8F-5BB2-48D7-90CF-0D70537C9ECA}.Debug Trial|Any CPU.Build.0 = Debug Trial|Any CPU
		{D0C66F8F-5BB2-48D7-90CF-0D70537C9ECA}.Debug Trial|iPhone.ActiveCfg = Debug Trial|Any CPU
		{D0C66F8F-5BB2-48D7-90CF-0D70537C9ECA}.Debug Trial|iPhone.Build.0 = Debug Trial|Any CPU
		{D0C66F8F-5BB2-48D7-90CF-0D70537C9ECA}.Debug Trial|iPhoneSimulator.ActiveCfg = Debug Trial|Any CPU
		{D0C66F8F-5BB2-48D7-90CF-0D70537C9ECA}.Debug Trial|iPhoneSimulator.Build.0 = Debug Trial|Any CPU
		{D0C66F8F-5BB2-48D7-90CF-0D70537C9ECA}.Debug|Any CPU.ActiveCfg = Debug|Any CPU
		{D0C66F8F-5BB2-48D7-90CF-0D70537C9ECA}.Debug|Any CPU.Build.0 = Debug|Any CPU
		{D0C66F8F-5BB2-48D7-90CF-0D70537C9ECA}.Debug|iPhone.ActiveCfg = Debug|Any CPU
		{D0C66F8F-5BB2-48D7-90CF-0D70537C9ECA}.Debug|iPhone.Build.0 = Debug|Any CPU
		{D0C66F8F-5BB2-48D7-90CF-0D70537C9ECA}.Debug|iPhoneSimulator.ActiveCfg = Debug|Any CPU
		{D0C66F8F-5BB2-48D7-90CF-0D70537C9ECA}.Debug|iPhoneSimulator.Build.0 = Debug|Any CPU
		{D0C66F8F-5BB2-48D7-90CF-0D70537C9ECA}.Release Trial|Any CPU.ActiveCfg = Release Trial|Any CPU
		{D0C66F8F-5BB2-48D7-90CF-0D70537C9ECA}.Release Trial|Any CPU.Build.0 = Release Trial|Any CPU
		{D0C66F8F-5BB2-48D7-90CF-0D70537C9ECA}.Release Trial|iPhone.ActiveCfg = Release Trial|Any CPU
		{D0C66F8F-5BB2-48D7-90CF-0D70537C9ECA}.Release Trial|iPhone.Build.0 = Release Trial|Any CPU
		{D0C66F8F-5BB2-48D7-90CF-0D70537C9ECA}.Release Trial|iPhoneSimulator.ActiveCfg = Release Trial|Any CPU
		{D0C66F8F-5BB2-48D7-90CF-0D70537C9ECA}.Release Trial|iPhoneSimulator.Build.0 = Release Trial|Any CPU
		{D0C66F8F-5BB2-48D7-90CF-0D70537C9ECA}.Release|Any CPU.ActiveCfg = Release|Any CPU
		{D0C66F8F-5BB2-48D7-90CF-0D70537C9ECA}.Release|Any CPU.Build.0 = Release|Any CPU
		{D0C66F8F-5BB2-48D7-90CF-0D70537C9ECA}.Release|iPhone.ActiveCfg = Release|Any CPU
		{D0C66F8F-5BB2-48D7-90CF-0D70537C9ECA}.Release|iPhone.Build.0 = Release|Any CPU
		{D0C66F8F-5BB2-48D7-90CF-0D70537C9ECA}.Release|iPhoneSimulator.ActiveCfg = Release|Any CPU
		{D0C66F8F-5BB2-48D7-90CF-0D70537C9ECA}.Release|iPhoneSimulator.Build.0 = Release|Any CPU
		{B6EB0B29-807B-49B7-AC2F-7DAFBC8E8EDA}.Ad-Hoc|Any CPU.ActiveCfg = Release|Any CPU
		{B6EB0B29-807B-49B7-AC2F-7DAFBC8E8EDA}.Ad-Hoc|Any CPU.Build.0 = Release|Any CPU
		{B6EB0B29-807B-49B7-AC2F-7DAFBC8E8EDA}.Ad-Hoc|iPhone.ActiveCfg = Release|Any CPU
		{B6EB0B29-807B-49B7-AC2F-7DAFBC8E8EDA}.Ad-Hoc|iPhone.Build.0 = Release|Any CPU
		{B6EB0B29-807B-49B7-AC2F-7DAFBC8E8EDA}.Ad-Hoc|iPhoneSimulator.ActiveCfg = Release|Any CPU
		{B6EB0B29-807B-49B7-AC2F-7DAFBC8E8EDA}.Ad-Hoc|iPhoneSimulator.Build.0 = Release|Any CPU
		{B6EB0B29-807B-49B7-AC2F-7DAFBC8E8EDA}.AppStore|Any CPU.ActiveCfg = Release|Any CPU
		{B6EB0B29-807B-49B7-AC2F-7DAFBC8E8EDA}.AppStore|Any CPU.Build.0 = Release|Any CPU
		{B6EB0B29-807B-49B7-AC2F-7DAFBC8E8EDA}.AppStore|iPhone.ActiveCfg = Release|Any CPU
		{B6EB0B29-807B-49B7-AC2F-7DAFBC8E8EDA}.AppStore|iPhone.Build.0 = Release|Any CPU
		{B6EB0B29-807B-49B7-AC2F-7DAFBC8E8EDA}.AppStore|iPhoneSimulator.ActiveCfg = Release|Any CPU
		{B6EB0B29-807B-49B7-AC2F-7DAFBC8E8EDA}.AppStore|iPhoneSimulator.Build.0 = Release|Any CPU
		{B6EB0B29-807B-49B7-AC2F-7DAFBC8E8EDA}.Debug Trial|Any CPU.ActiveCfg = Debug Trial|Any CPU
		{B6EB0B29-807B-49B7-AC2F-7DAFBC8E8EDA}.Debug Trial|Any CPU.Build.0 = Debug Trial|Any CPU
		{B6EB0B29-807B-49B7-AC2F-7DAFBC8E8EDA}.Debug Trial|iPhone.ActiveCfg = Debug Trial|Any CPU
		{B6EB0B29-807B-49B7-AC2F-7DAFBC8E8EDA}.Debug Trial|iPhone.Build.0 = Debug Trial|Any CPU
		{B6EB0B29-807B-49B7-AC2F-7DAFBC8E8EDA}.Debug Trial|iPhoneSimulator.ActiveCfg = Debug Trial|Any CPU
		{B6EB0B29-807B-49B7-AC2F-7DAFBC8E8EDA}.Debug Trial|iPhoneSimulator.Build.0 = Debug Trial|Any CPU
		{B6EB0B29-807B-49B7-AC2F-7DAFBC8E8EDA}.Debug|Any CPU.ActiveCfg = Debug|Any CPU
		{B6EB0B29-807B-49B7-AC2F-7DAFBC8E8EDA}.Debug|Any CPU.Build.0 = Debug|Any CPU
		{B6EB0B29-807B-49B7-AC2F-7DAFBC8E8EDA}.Debug|iPhone.ActiveCfg = Debug|Any CPU
		{B6EB0B29-807B-49B7-AC2F-7DAFBC8E8EDA}.Debug|iPhone.Build.0 = Debug|Any CPU
		{B6EB0B29-807B-49B7-AC2F-7DAFBC8E8EDA}.Debug|iPhoneSimulator.ActiveCfg = Debug|Any CPU
		{B6EB0B29-807B-49B7-AC2F-7DAFBC8E8EDA}.Debug|iPhoneSimulator.Build.0 = Debug|Any CPU
		{B6EB0B29-807B-49B7-AC2F-7DAFBC8E8EDA}.Release Trial|Any CPU.ActiveCfg = Release Trial|Any CPU
		{B6EB0B29-807B-49B7-AC2F-7DAFBC8E8EDA}.Release Trial|Any CPU.Build.0 = Release Trial|Any CPU
		{B6EB0B29-807B-49B7-AC2F-7DAFBC8E8EDA}.Release Trial|iPhone.ActiveCfg = Release Trial|Any CPU
		{B6EB0B29-807B-49B7-AC2F-7DAFBC8E8EDA}.Release Trial|iPhone.Build.0 = Release Trial|Any CPU
		{B6EB0B29-807B-49B7-AC2F-7DAFBC8E8EDA}.Release Trial|iPhoneSimulator.ActiveCfg = Release Trial|Any CPU
		{B6EB0B29-807B-49B7-AC2F-7DAFBC8E8EDA}.Release Trial|iPhoneSimulator.Build.0 = Release Trial|Any CPU
		{B6EB0B29-807B-49B7-AC2F-7DAFBC8E8EDA}.Release|Any CPU.ActiveCfg = Release|Any CPU
		{B6EB0B29-807B-49B7-AC2F-7DAFBC8E8EDA}.Release|Any CPU.Build.0 = Release|Any CPU
		{B6EB0B29-807B-49B7-AC2F-7DAFBC8E8EDA}.Release|iPhone.ActiveCfg = Release|Any CPU
		{B6EB0B29-807B-49B7-AC2F-7DAFBC8E8EDA}.Release|iPhone.Build.0 = Release|Any CPU
		{B6EB0B29-807B-49B7-AC2F-7DAFBC8E8EDA}.Release|iPhoneSimulator.ActiveCfg = Release|Any CPU
		{B6EB0B29-807B-49B7-AC2F-7DAFBC8E8EDA}.Release|iPhoneSimulator.Build.0 = Release|Any CPU
		{F0406080-55CF-47DC-AF1D-30F8FD9488F8}.Ad-Hoc|Any CPU.ActiveCfg = Release|Any CPU
		{F0406080-55CF-47DC-AF1D-30F8FD9488F8}.Ad-Hoc|Any CPU.Build.0 = Release|Any CPU
		{F0406080-55CF-47DC-AF1D-30F8FD9488F8}.Ad-Hoc|iPhone.ActiveCfg = Release|Any CPU
		{F0406080-55CF-47DC-AF1D-30F8FD9488F8}.Ad-Hoc|iPhone.Build.0 = Release|Any CPU
		{F0406080-55CF-47DC-AF1D-30F8FD9488F8}.Ad-Hoc|iPhoneSimulator.ActiveCfg = Release|Any CPU
		{F0406080-55CF-47DC-AF1D-30F8FD9488F8}.Ad-Hoc|iPhoneSimulator.Build.0 = Release|Any CPU
		{F0406080-55CF-47DC-AF1D-30F8FD9488F8}.AppStore|Any CPU.ActiveCfg = Release|Any CPU
		{F0406080-55CF-47DC-AF1D-30F8FD9488F8}.AppStore|Any CPU.Build.0 = Release|Any CPU
		{F0406080-55CF-47DC-AF1D-30F8FD9488F8}.AppStore|iPhone.ActiveCfg = Release|Any CPU
		{F0406080-55CF-47DC-AF1D-30F8FD9488F8}.AppStore|iPhone.Build.0 = Release|Any CPU
		{F0406080-55CF-47DC-AF1D-30F8FD9488F8}.AppStore|iPhoneSimulator.ActiveCfg = Release|Any CPU
		{F0406080-55CF-47DC-AF1D-30F8FD9488F8}.AppStore|iPhoneSimulator.Build.0 = Release|Any CPU
		{F0406080-55CF-47DC-AF1D-30F8FD9488F8}.Debug Trial|Any CPU.ActiveCfg = Debug Trial|Any CPU
		{F0406080-55CF-47DC-AF1D-30F8FD9488F8}.Debug Trial|Any CPU.Build.0 = Debug Trial|Any CPU
		{F0406080-55CF-47DC-AF1D-30F8FD9488F8}.Debug Trial|iPhone.ActiveCfg = Debug Trial|Any CPU
		{F0406080-55CF-47DC-AF1D-30F8FD9488F8}.Debug Trial|iPhone.Build.0 = Debug Trial|Any CPU
		{F0406080-55CF-47DC-AF1D-30F8FD9488F8}.Debug Trial|iPhoneSimulator.ActiveCfg = Debug Trial|Any CPU
		{F0406080-55CF-47DC-AF1D-30F8FD9488F8}.Debug Trial|iPhoneSimulator.Build.0 = Debug Trial|Any CPU
		{F0406080-55CF-47DC-AF1D-30F8FD9488F8}.Debug|Any CPU.ActiveCfg = Debug|Any CPU
		{F0406080-55CF-47DC-AF1D-30F8FD9488F8}.Debug|Any CPU.Build.0 = Debug|Any CPU
		{F0406080-55CF-47DC-AF1D-30F8FD9488F8}.Debug|iPhone.ActiveCfg = Debug|Any CPU
		{F0406080-55CF-47DC-AF1D-30F8FD9488F8}.Debug|iPhone.Build.0 = Debug|Any CPU
		{F0406080-55CF-47DC-AF1D-30F8FD9488F8}.Debug|iPhoneSimulator.ActiveCfg = Debug|Any CPU
		{F0406080-55CF-47DC-AF1D-30F8FD9488F8}.Debug|iPhoneSimulator.Build.0 = Debug|Any CPU
		{F0406080-55CF-47DC-AF1D-30F8FD9488F8}.Release Trial|Any CPU.ActiveCfg = Release Trial|Any CPU
		{F0406080-55CF-47DC-AF1D-30F8FD9488F8}.Release Trial|Any CPU.Build.0 = Release Trial|Any CPU
		{F0406080-55CF-47DC-AF1D-30F8FD9488F8}.Release Trial|iPhone.ActiveCfg = Release Trial|Any CPU
		{F0406080-55CF-47DC-AF1D-30F8FD9488F8}.Release Trial|iPhone.Build.0 = Release Trial|Any CPU
		{F0406080-55CF-47DC-AF1D-30F8FD9488F8}.Release Trial|iPhoneSimulator.ActiveCfg = Release Trial|Any CPU
		{F0406080-55CF-47DC-AF1D-30F8FD9488F8}.Release Trial|iPhoneSimulator.Build.0 = Release Trial|Any CPU
		{F0406080-55CF-47DC-AF1D-30F8FD9488F8}.Release|Any CPU.ActiveCfg = Release|Any CPU
		{F0406080-55CF-47DC-AF1D-30F8FD9488F8}.Release|Any CPU.Build.0 = Release|Any CPU
		{F0406080-55CF-47DC-AF1D-30F8FD9488F8}.Release|iPhone.ActiveCfg = Release|Any CPU
		{F0406080-55CF-47DC-AF1D-30F8FD9488F8}.Release|iPhone.Build.0 = Release|Any CPU
		{F0406080-55CF-47DC-AF1D-30F8FD9488F8}.Release|iPhoneSimulator.ActiveCfg = Release|Any CPU
		{F0406080-55CF-47DC-AF1D-30F8FD9488F8}.Release|iPhoneSimulator.Build.0 = Release|Any CPU
		{E79BA84A-DA88-4127-9F44-A1B56519CB17}.Ad-Hoc|Any CPU.ActiveCfg = Release|Any CPU
		{E79BA84A-DA88-4127-9F44-A1B56519CB17}.Ad-Hoc|Any CPU.Build.0 = Release|Any CPU
		{E79BA84A-DA88-4127-9F44-A1B56519CB17}.Ad-Hoc|iPhone.ActiveCfg = Release|Any CPU
		{E79BA84A-DA88-4127-9F44-A1B56519CB17}.Ad-Hoc|iPhone.Build.0 = Release|Any CPU
		{E79BA84A-DA88-4127-9F44-A1B56519CB17}.Ad-Hoc|iPhoneSimulator.ActiveCfg = Release|Any CPU
		{E79BA84A-DA88-4127-9F44-A1B56519CB17}.Ad-Hoc|iPhoneSimulator.Build.0 = Release|Any CPU
		{E79BA84A-DA88-4127-9F44-A1B56519CB17}.AppStore|Any CPU.ActiveCfg = Release|Any CPU
		{E79BA84A-DA88-4127-9F44-A1B56519CB17}.AppStore|Any CPU.Build.0 = Release|Any CPU
		{E79BA84A-DA88-4127-9F44-A1B56519CB17}.AppStore|iPhone.ActiveCfg = Release|Any CPU
		{E79BA84A-DA88-4127-9F44-A1B56519CB17}.AppStore|iPhone.Build.0 = Release|Any CPU
		{E79BA84A-DA88-4127-9F44-A1B56519CB17}.AppStore|iPhoneSimulator.ActiveCfg = Release|Any CPU
		{E79BA84A-DA88-4127-9F44-A1B56519CB17}.AppStore|iPhoneSimulator.Build.0 = Release|Any CPU
		{E79BA84A-DA88-4127-9F44-A1B56519CB17}.Debug Trial|Any CPU.ActiveCfg = Debug Trial|Any CPU
		{E79BA84A-DA88-4127-9F44-A1B56519CB17}.Debug Trial|Any CPU.Build.0 = Debug Trial|Any CPU
		{E79BA84A-DA88-4127-9F44-A1B56519CB17}.Debug Trial|iPhone.ActiveCfg = Debug Trial|Any CPU
		{E79BA84A-DA88-4127-9F44-A1B56519CB17}.Debug Trial|iPhone.Build.0 = Debug Trial|Any CPU
		{E79BA84A-DA88-4127-9F44-A1B56519CB17}.Debug Trial|iPhoneSimulator.ActiveCfg = Debug Trial|Any CPU
		{E79BA84A-DA88-4127-9F44-A1B56519CB17}.Debug Trial|iPhoneSimulator.Build.0 = Debug Trial|Any CPU
		{E79BA84A-DA88-4127-9F44-A1B56519CB17}.Debug|Any CPU.ActiveCfg = Debug|Any CPU
		{E79BA84A-DA88-4127-9F44-A1B56519CB17}.Debug|Any CPU.Build.0 = Debug|Any CPU
		{E79BA84A-DA88-4127-9F44-A1B56519CB17}.Debug|iPhone.ActiveCfg = Debug|Any CPU
		{E79BA84A-DA88-4127-9F44-A1B56519CB17}.Debug|iPhone.Build.0 = Debug|Any CPU
		{E79BA84A-DA88-4127-9F44-A1B56519CB17}.Debug|iPhoneSimulator.ActiveCfg = Debug|Any CPU
		{E79BA84A-DA88-4127-9F44-A1B56519CB17}.Debug|iPhoneSimulator.Build.0 = Debug|Any CPU
		{E79BA84A-DA88-4127-9F44-A1B56519CB17}.Release Trial|Any CPU.ActiveCfg = Release Trial|Any CPU
		{E79BA84A-DA88-4127-9F44-A1B56519CB17}.Release Trial|Any CPU.Build.0 = Release Trial|Any CPU
		{E79BA84A-DA88-4127-9F44-A1B56519CB17}.Release Trial|iPhone.ActiveCfg = Release Trial|Any CPU
		{E79BA84A-DA88-4127-9F44-A1B56519CB17}.Release Trial|iPhone.Build.0 = Release Trial|Any CPU
		{E79BA84A-DA88-4127-9F44-A1B56519CB17}.Release Trial|iPhoneSimulator.ActiveCfg = Release Trial|Any CPU
		{E79BA84A-DA88-4127-9F44-A1B56519CB17}.Release Trial|iPhoneSimulator.Build.0 = Release Trial|Any CPU
		{E79BA84A-DA88-4127-9F44-A1B56519CB17}.Release|Any CPU.ActiveCfg = Release|Any CPU
		{E79BA84A-DA88-4127-9F44-A1B56519CB17}.Release|Any CPU.Build.0 = Release|Any CPU
		{E79BA84A-DA88-4127-9F44-A1B56519CB17}.Release|iPhone.ActiveCfg = Release|Any CPU
		{E79BA84A-DA88-4127-9F44-A1B56519CB17}.Release|iPhone.Build.0 = Release|Any CPU
		{E79BA84A-DA88-4127-9F44-A1B56519CB17}.Release|iPhoneSimulator.ActiveCfg = Release|Any CPU
		{E79BA84A-DA88-4127-9F44-A1B56519CB17}.Release|iPhoneSimulator.Build.0 = Release|Any CPU
		{88C97578-2937-44DD-9C11-521D4D5C7F0E}.Ad-Hoc|Any CPU.ActiveCfg = Release|Any CPU
		{88C97578-2937-44DD-9C11-521D4D5C7F0E}.Ad-Hoc|Any CPU.Build.0 = Release|Any CPU
		{88C97578-2937-44DD-9C11-521D4D5C7F0E}.Ad-Hoc|iPhone.ActiveCfg = Release|Any CPU
		{88C97578-2937-44DD-9C11-521D4D5C7F0E}.Ad-Hoc|iPhone.Build.0 = Release|Any CPU
		{88C97578-2937-44DD-9C11-521D4D5C7F0E}.Ad-Hoc|iPhoneSimulator.ActiveCfg = Release|Any CPU
		{88C97578-2937-44DD-9C11-521D4D5C7F0E}.Ad-Hoc|iPhoneSimulator.Build.0 = Release|Any CPU
		{88C97578-2937-44DD-9C11-521D4D5C7F0E}.AppStore|Any CPU.ActiveCfg = Release|Any CPU
		{88C97578-2937-44DD-9C11-521D4D5C7F0E}.AppStore|Any CPU.Build.0 = Release|Any CPU
		{88C97578-2937-44DD-9C11-521D4D5C7F0E}.AppStore|iPhone.ActiveCfg = Release|Any CPU
		{88C97578-2937-44DD-9C11-521D4D5C7F0E}.AppStore|iPhone.Build.0 = Release|Any CPU
		{88C97578-2937-44DD-9C11-521D4D5C7F0E}.AppStore|iPhoneSimulator.ActiveCfg = Release|Any CPU
		{88C97578-2937-44DD-9C11-521D4D5C7F0E}.AppStore|iPhoneSimulator.Build.0 = Release|Any CPU
		{88C97578-2937-44DD-9C11-521D4D5C7F0E}.Debug Trial|Any CPU.ActiveCfg = Debug|Any CPU
		{88C97578-2937-44DD-9C11-521D4D5C7F0E}.Debug Trial|Any CPU.Build.0 = Debug|Any CPU
		{88C97578-2937-44DD-9C11-521D4D5C7F0E}.Debug Trial|iPhone.ActiveCfg = Debug|Any CPU
		{88C97578-2937-44DD-9C11-521D4D5C7F0E}.Debug Trial|iPhone.Build.0 = Debug|Any CPU
		{88C97578-2937-44DD-9C11-521D4D5C7F0E}.Debug Trial|iPhoneSimulator.ActiveCfg = Debug|Any CPU
		{88C97578-2937-44DD-9C11-521D4D5C7F0E}.Debug Trial|iPhoneSimulator.Build.0 = Debug|Any CPU
		{88C97578-2937-44DD-9C11-521D4D5C7F0E}.Debug|Any CPU.ActiveCfg = Debug|Any CPU
		{88C97578-2937-44DD-9C11-521D4D5C7F0E}.Debug|Any CPU.Build.0 = Debug|Any CPU
		{88C97578-2937-44DD-9C11-521D4D5C7F0E}.Debug|iPhone.ActiveCfg = Debug|Any CPU
		{88C97578-2937-44DD-9C11-521D4D5C7F0E}.Debug|iPhone.Build.0 = Debug|Any CPU
		{88C97578-2937-44DD-9C11-521D4D5C7F0E}.Debug|iPhoneSimulator.ActiveCfg = Debug|Any CPU
		{88C97578-2937-44DD-9C11-521D4D5C7F0E}.Debug|iPhoneSimulator.Build.0 = Debug|Any CPU
		{88C97578-2937-44DD-9C11-521D4D5C7F0E}.Release Trial|Any CPU.ActiveCfg = Release|Any CPU
		{88C97578-2937-44DD-9C11-521D4D5C7F0E}.Release Trial|Any CPU.Build.0 = Release|Any CPU
		{88C97578-2937-44DD-9C11-521D4D5C7F0E}.Release Trial|iPhone.ActiveCfg = Release|Any CPU
		{88C97578-2937-44DD-9C11-521D4D5C7F0E}.Release Trial|iPhone.Build.0 = Release|Any CPU
		{88C97578-2937-44DD-9C11-521D4D5C7F0E}.Release Trial|iPhoneSimulator.ActiveCfg = Release|Any CPU
		{88C97578-2937-44DD-9C11-521D4D5C7F0E}.Release Trial|iPhoneSimulator.Build.0 = Release|Any CPU
		{88C97578-2937-44DD-9C11-521D4D5C7F0E}.Release|Any CPU.ActiveCfg = Release|Any CPU
		{88C97578-2937-44DD-9C11-521D4D5C7F0E}.Release|Any CPU.Build.0 = Release|Any CPU
		{88C97578-2937-44DD-9C11-521D4D5C7F0E}.Release|iPhone.ActiveCfg = Release|Any CPU
		{88C97578-2937-44DD-9C11-521D4D5C7F0E}.Release|iPhone.Build.0 = Release|Any CPU
		{88C97578-2937-44DD-9C11-521D4D5C7F0E}.Release|iPhoneSimulator.ActiveCfg = Release|Any CPU
		{88C97578-2937-44DD-9C11-521D4D5C7F0E}.Release|iPhoneSimulator.Build.0 = Release|Any CPU
		{B4161E75-8DA5-4A41-89FE-41DD6E992CD6}.Ad-Hoc|Any CPU.ActiveCfg = Release|Any CPU
		{B4161E75-8DA5-4A41-89FE-41DD6E992CD6}.Ad-Hoc|Any CPU.Build.0 = Release|Any CPU
		{B4161E75-8DA5-4A41-89FE-41DD6E992CD6}.Ad-Hoc|iPhone.ActiveCfg = Release|Any CPU
		{B4161E75-8DA5-4A41-89FE-41DD6E992CD6}.Ad-Hoc|iPhone.Build.0 = Release|Any CPU
		{B4161E75-8DA5-4A41-89FE-41DD6E992CD6}.Ad-Hoc|iPhoneSimulator.ActiveCfg = Release|Any CPU
		{B4161E75-8DA5-4A41-89FE-41DD6E992CD6}.Ad-Hoc|iPhoneSimulator.Build.0 = Release|Any CPU
		{B4161E75-8DA5-4A41-89FE-41DD6E992CD6}.AppStore|Any CPU.ActiveCfg = Release|Any CPU
		{B4161E75-8DA5-4A41-89FE-41DD6E992CD6}.AppStore|Any CPU.Build.0 = Release|Any CPU
		{B4161E75-8DA5-4A41-89FE-41DD6E992CD6}.AppStore|iPhone.ActiveCfg = Release|Any CPU
		{B4161E75-8DA5-4A41-89FE-41DD6E992CD6}.AppStore|iPhone.Build.0 = Release|Any CPU
		{B4161E75-8DA5-4A41-89FE-41DD6E992CD6}.AppStore|iPhoneSimulator.ActiveCfg = Release|Any CPU
		{B4161E75-8DA5-4A41-89FE-41DD6E992CD6}.AppStore|iPhoneSimulator.Build.0 = Release|Any CPU
		{B4161E75-8DA5-4A41-89FE-41DD6E992CD6}.Debug Trial|Any CPU.ActiveCfg = Debug Trial|Any CPU
		{B4161E75-8DA5-4A41-89FE-41DD6E992CD6}.Debug Trial|Any CPU.Build.0 = Debug Trial|Any CPU
		{B4161E75-8DA5-4A41-89FE-41DD6E992CD6}.Debug Trial|iPhone.ActiveCfg = Debug Trial|Any CPU
		{B4161E75-8DA5-4A41-89FE-41DD6E992CD6}.Debug Trial|iPhone.Build.0 = Debug Trial|Any CPU
		{B4161E75-8DA5-4A41-89FE-41DD6E992CD6}.Debug Trial|iPhoneSimulator.ActiveCfg = Debug Trial|Any CPU
		{B4161E75-8DA5-4A41-89FE-41DD6E992CD6}.Debug Trial|iPhoneSimulator.Build.0 = Debug Trial|Any CPU
		{B4161E75-8DA5-4A41-89FE-41DD6E992CD6}.Debug|Any CPU.ActiveCfg = Debug|Any CPU
		{B4161E75-8DA5-4A41-89FE-41DD6E992CD6}.Debug|Any CPU.Build.0 = Debug|Any CPU
		{B4161E75-8DA5-4A41-89FE-41DD6E992CD6}.Debug|iPhone.ActiveCfg = Debug|Any CPU
		{B4161E75-8DA5-4A41-89FE-41DD6E992CD6}.Debug|iPhone.Build.0 = Debug|Any CPU
		{B4161E75-8DA5-4A41-89FE-41DD6E992CD6}.Debug|iPhoneSimulator.ActiveCfg = Debug|Any CPU
		{B4161E75-8DA5-4A41-89FE-41DD6E992CD6}.Debug|iPhoneSimulator.Build.0 = Debug|Any CPU
		{B4161E75-8DA5-4A41-89FE-41DD6E992CD6}.Release Trial|Any CPU.ActiveCfg = Release Trial|Any CPU
		{B4161E75-8DA5-4A41-89FE-41DD6E992CD6}.Release Trial|Any CPU.Build.0 = Release Trial|Any CPU
		{B4161E75-8DA5-4A41-89FE-41DD6E992CD6}.Release Trial|iPhone.ActiveCfg = Release Trial|Any CPU
		{B4161E75-8DA5-4A41-89FE-41DD6E992CD6}.Release Trial|iPhone.Build.0 = Release Trial|Any CPU
		{B4161E75-8DA5-4A41-89FE-41DD6E992CD6}.Release Trial|iPhoneSimulator.ActiveCfg = Release Trial|Any CPU
		{B4161E75-8DA5-4A41-89FE-41DD6E992CD6}.Release Trial|iPhoneSimulator.Build.0 = Release Trial|Any CPU
		{B4161E75-8DA5-4A41-89FE-41DD6E992CD6}.Release|Any CPU.ActiveCfg = Release|Any CPU
		{B4161E75-8DA5-4A41-89FE-41DD6E992CD6}.Release|Any CPU.Build.0 = Release|Any CPU
		{B4161E75-8DA5-4A41-89FE-41DD6E992CD6}.Release|iPhone.ActiveCfg = Release|Any CPU
		{B4161E75-8DA5-4A41-89FE-41DD6E992CD6}.Release|iPhone.Build.0 = Release|Any CPU
		{B4161E75-8DA5-4A41-89FE-41DD6E992CD6}.Release|iPhoneSimulator.ActiveCfg = Release|Any CPU
		{B4161E75-8DA5-4A41-89FE-41DD6E992CD6}.Release|iPhoneSimulator.Build.0 = Release|Any CPU
		{B94AF10F-3A2C-4BE9-B051-A897AC4FE11C}.Ad-Hoc|Any CPU.ActiveCfg = Release|Any CPU
		{B94AF10F-3A2C-4BE9-B051-A897AC4FE11C}.Ad-Hoc|Any CPU.Build.0 = Release|Any CPU
		{B94AF10F-3A2C-4BE9-B051-A897AC4FE11C}.Ad-Hoc|iPhone.ActiveCfg = Release|Any CPU
		{B94AF10F-3A2C-4BE9-B051-A897AC4FE11C}.Ad-Hoc|iPhone.Build.0 = Release|Any CPU
		{B94AF10F-3A2C-4BE9-B051-A897AC4FE11C}.Ad-Hoc|iPhoneSimulator.ActiveCfg = Release|Any CPU
		{B94AF10F-3A2C-4BE9-B051-A897AC4FE11C}.Ad-Hoc|iPhoneSimulator.Build.0 = Release|Any CPU
		{B94AF10F-3A2C-4BE9-B051-A897AC4FE11C}.AppStore|Any CPU.ActiveCfg = Release|Any CPU
		{B94AF10F-3A2C-4BE9-B051-A897AC4FE11C}.AppStore|Any CPU.Build.0 = Release|Any CPU
		{B94AF10F-3A2C-4BE9-B051-A897AC4FE11C}.AppStore|iPhone.ActiveCfg = Release|Any CPU
		{B94AF10F-3A2C-4BE9-B051-A897AC4FE11C}.AppStore|iPhone.Build.0 = Release|Any CPU
		{B94AF10F-3A2C-4BE9-B051-A897AC4FE11C}.AppStore|iPhoneSimulator.ActiveCfg = Release|Any CPU
		{B94AF10F-3A2C-4BE9-B051-A897AC4FE11C}.AppStore|iPhoneSimulator.Build.0 = Release|Any CPU
		{B94AF10F-3A2C-4BE9-B051-A897AC4FE11C}.Debug Trial|Any CPU.ActiveCfg = Debug Trial|Any CPU
		{B94AF10F-3A2C-4BE9-B051-A897AC4FE11C}.Debug Trial|Any CPU.Build.0 = Debug Trial|Any CPU
		{B94AF10F-3A2C-4BE9-B051-A897AC4FE11C}.Debug Trial|iPhone.ActiveCfg = Debug Trial|Any CPU
		{B94AF10F-3A2C-4BE9-B051-A897AC4FE11C}.Debug Trial|iPhone.Build.0 = Debug Trial|Any CPU
		{B94AF10F-3A2C-4BE9-B051-A897AC4FE11C}.Debug Trial|iPhoneSimulator.ActiveCfg = Debug Trial|Any CPU
		{B94AF10F-3A2C-4BE9-B051-A897AC4FE11C}.Debug Trial|iPhoneSimulator.Build.0 = Debug Trial|Any CPU
		{B94AF10F-3A2C-4BE9-B051-A897AC4FE11C}.Debug|Any CPU.ActiveCfg = Debug|Any CPU
		{B94AF10F-3A2C-4BE9-B051-A897AC4FE11C}.Debug|Any CPU.Build.0 = Debug|Any CPU
		{B94AF10F-3A2C-4BE9-B051-A897AC4FE11C}.Debug|iPhone.ActiveCfg = Debug|Any CPU
		{B94AF10F-3A2C-4BE9-B051-A897AC4FE11C}.Debug|iPhone.Build.0 = Debug|Any CPU
		{B94AF10F-3A2C-4BE9-B051-A897AC4FE11C}.Debug|iPhoneSimulator.ActiveCfg = Debug|Any CPU
		{B94AF10F-3A2C-4BE9-B051-A897AC4FE11C}.Debug|iPhoneSimulator.Build.0 = Debug|Any CPU
		{B94AF10F-3A2C-4BE9-B051-A897AC4FE11C}.Release Trial|Any CPU.ActiveCfg = Release Trial|Any CPU
		{B94AF10F-3A2C-4BE9-B051-A897AC4FE11C}.Release Trial|Any CPU.Build.0 = Release Trial|Any CPU
		{B94AF10F-3A2C-4BE9-B051-A897AC4FE11C}.Release Trial|iPhone.ActiveCfg = Release Trial|Any CPU
		{B94AF10F-3A2C-4BE9-B051-A897AC4FE11C}.Release Trial|iPhone.Build.0 = Release Trial|Any CPU
		{B94AF10F-3A2C-4BE9-B051-A897AC4FE11C}.Release Trial|iPhoneSimulator.ActiveCfg = Release Trial|Any CPU
		{B94AF10F-3A2C-4BE9-B051-A897AC4FE11C}.Release Trial|iPhoneSimulator.Build.0 = Release Trial|Any CPU
		{B94AF10F-3A2C-4BE9-B051-A897AC4FE11C}.Release|Any CPU.ActiveCfg = Release|Any CPU
		{B94AF10F-3A2C-4BE9-B051-A897AC4FE11C}.Release|Any CPU.Build.0 = Release|Any CPU
		{B94AF10F-3A2C-4BE9-B051-A897AC4FE11C}.Release|iPhone.ActiveCfg = Release|Any CPU
		{B94AF10F-3A2C-4BE9-B051-A897AC4FE11C}.Release|iPhone.Build.0 = Release|Any CPU
		{B94AF10F-3A2C-4BE9-B051-A897AC4FE11C}.Release|iPhoneSimulator.ActiveCfg = Release|Any CPU
		{B94AF10F-3A2C-4BE9-B051-A897AC4FE11C}.Release|iPhoneSimulator.Build.0 = Release|Any CPU
		{D5E8BB97-A3A0-4725-8EF5-0C82D3A7D1C2}.Ad-Hoc|Any CPU.ActiveCfg = Release|Any CPU
		{D5E8BB97-A3A0-4725-8EF5-0C82D3A7D1C2}.Ad-Hoc|Any CPU.Build.0 = Release|Any CPU
		{D5E8BB97-A3A0-4725-8EF5-0C82D3A7D1C2}.Ad-Hoc|Any CPU.Deploy.0 = Release|Any CPU
		{D5E8BB97-A3A0-4725-8EF5-0C82D3A7D1C2}.Ad-Hoc|iPhone.ActiveCfg = Release|Any CPU
		{D5E8BB97-A3A0-4725-8EF5-0C82D3A7D1C2}.Ad-Hoc|iPhone.Build.0 = Release|Any CPU
		{D5E8BB97-A3A0-4725-8EF5-0C82D3A7D1C2}.Ad-Hoc|iPhone.Deploy.0 = Release|Any CPU
		{D5E8BB97-A3A0-4725-8EF5-0C82D3A7D1C2}.Ad-Hoc|iPhoneSimulator.ActiveCfg = Release|Any CPU
		{D5E8BB97-A3A0-4725-8EF5-0C82D3A7D1C2}.Ad-Hoc|iPhoneSimulator.Build.0 = Release|Any CPU
		{D5E8BB97-A3A0-4725-8EF5-0C82D3A7D1C2}.Ad-Hoc|iPhoneSimulator.Deploy.0 = Release|Any CPU
		{D5E8BB97-A3A0-4725-8EF5-0C82D3A7D1C2}.AppStore|Any CPU.ActiveCfg = Release|Any CPU
		{D5E8BB97-A3A0-4725-8EF5-0C82D3A7D1C2}.AppStore|Any CPU.Build.0 = Release|Any CPU
		{D5E8BB97-A3A0-4725-8EF5-0C82D3A7D1C2}.AppStore|Any CPU.Deploy.0 = Release|Any CPU
		{D5E8BB97-A3A0-4725-8EF5-0C82D3A7D1C2}.AppStore|iPhone.ActiveCfg = Release|Any CPU
		{D5E8BB97-A3A0-4725-8EF5-0C82D3A7D1C2}.AppStore|iPhone.Build.0 = Release|Any CPU
		{D5E8BB97-A3A0-4725-8EF5-0C82D3A7D1C2}.AppStore|iPhone.Deploy.0 = Release|Any CPU
		{D5E8BB97-A3A0-4725-8EF5-0C82D3A7D1C2}.AppStore|iPhoneSimulator.ActiveCfg = Release|Any CPU
		{D5E8BB97-A3A0-4725-8EF5-0C82D3A7D1C2}.AppStore|iPhoneSimulator.Build.0 = Release|Any CPU
		{D5E8BB97-A3A0-4725-8EF5-0C82D3A7D1C2}.AppStore|iPhoneSimulator.Deploy.0 = Release|Any CPU
		{D5E8BB97-A3A0-4725-8EF5-0C82D3A7D1C2}.Debug Trial|Any CPU.ActiveCfg = Debug|Any CPU
		{D5E8BB97-A3A0-4725-8EF5-0C82D3A7D1C2}.Debug Trial|Any CPU.Build.0 = Debug|Any CPU
		{D5E8BB97-A3A0-4725-8EF5-0C82D3A7D1C2}.Debug Trial|Any CPU.Deploy.0 = Debug|Any CPU
		{D5E8BB97-A3A0-4725-8EF5-0C82D3A7D1C2}.Debug Trial|iPhone.ActiveCfg = Debug|Any CPU
		{D5E8BB97-A3A0-4725-8EF5-0C82D3A7D1C2}.Debug Trial|iPhone.Build.0 = Debug|Any CPU
		{D5E8BB97-A3A0-4725-8EF5-0C82D3A7D1C2}.Debug Trial|iPhone.Deploy.0 = Debug|Any CPU
		{D5E8BB97-A3A0-4725-8EF5-0C82D3A7D1C2}.Debug Trial|iPhoneSimulator.ActiveCfg = Debug|Any CPU
		{D5E8BB97-A3A0-4725-8EF5-0C82D3A7D1C2}.Debug Trial|iPhoneSimulator.Build.0 = Debug|Any CPU
		{D5E8BB97-A3A0-4725-8EF5-0C82D3A7D1C2}.Debug Trial|iPhoneSimulator.Deploy.0 = Debug|Any CPU
		{D5E8BB97-A3A0-4725-8EF5-0C82D3A7D1C2}.Debug|Any CPU.ActiveCfg = Debug|Any CPU
		{D5E8BB97-A3A0-4725-8EF5-0C82D3A7D1C2}.Debug|Any CPU.Build.0 = Debug|Any CPU
		{D5E8BB97-A3A0-4725-8EF5-0C82D3A7D1C2}.Debug|Any CPU.Deploy.0 = Debug|Any CPU
		{D5E8BB97-A3A0-4725-8EF5-0C82D3A7D1C2}.Debug|iPhone.ActiveCfg = Debug|Any CPU
		{D5E8BB97-A3A0-4725-8EF5-0C82D3A7D1C2}.Debug|iPhone.Build.0 = Debug|Any CPU
		{D5E8BB97-A3A0-4725-8EF5-0C82D3A7D1C2}.Debug|iPhone.Deploy.0 = Debug|Any CPU
		{D5E8BB97-A3A0-4725-8EF5-0C82D3A7D1C2}.Debug|iPhoneSimulator.ActiveCfg = Debug|Any CPU
		{D5E8BB97-A3A0-4725-8EF5-0C82D3A7D1C2}.Debug|iPhoneSimulator.Build.0 = Debug|Any CPU
		{D5E8BB97-A3A0-4725-8EF5-0C82D3A7D1C2}.Debug|iPhoneSimulator.Deploy.0 = Debug|Any CPU
		{D5E8BB97-A3A0-4725-8EF5-0C82D3A7D1C2}.Release Trial|Any CPU.ActiveCfg = Release|Any CPU
		{D5E8BB97-A3A0-4725-8EF5-0C82D3A7D1C2}.Release Trial|Any CPU.Build.0 = Release|Any CPU
		{D5E8BB97-A3A0-4725-8EF5-0C82D3A7D1C2}.Release Trial|Any CPU.Deploy.0 = Release|Any CPU
		{D5E8BB97-A3A0-4725-8EF5-0C82D3A7D1C2}.Release Trial|iPhone.ActiveCfg = Release|Any CPU
		{D5E8BB97-A3A0-4725-8EF5-0C82D3A7D1C2}.Release Trial|iPhone.Build.0 = Release|Any CPU
		{D5E8BB97-A3A0-4725-8EF5-0C82D3A7D1C2}.Release Trial|iPhone.Deploy.0 = Release|Any CPU
		{D5E8BB97-A3A0-4725-8EF5-0C82D3A7D1C2}.Release Trial|iPhoneSimulator.ActiveCfg = Release|Any CPU
		{D5E8BB97-A3A0-4725-8EF5-0C82D3A7D1C2}.Release Trial|iPhoneSimulator.Build.0 = Release|Any CPU
		{D5E8BB97-A3A0-4725-8EF5-0C82D3A7D1C2}.Release Trial|iPhoneSimulator.Deploy.0 = Release|Any CPU
		{D5E8BB97-A3A0-4725-8EF5-0C82D3A7D1C2}.Release|Any CPU.ActiveCfg = Release|Any CPU
		{D5E8BB97-A3A0-4725-8EF5-0C82D3A7D1C2}.Release|Any CPU.Build.0 = Release|Any CPU
		{D5E8BB97-A3A0-4725-8EF5-0C82D3A7D1C2}.Release|Any CPU.Deploy.0 = Release|Any CPU
		{D5E8BB97-A3A0-4725-8EF5-0C82D3A7D1C2}.Release|iPhone.ActiveCfg = Release|Any CPU
		{D5E8BB97-A3A0-4725-8EF5-0C82D3A7D1C2}.Release|iPhone.Build.0 = Release|Any CPU
		{D5E8BB97-A3A0-4725-8EF5-0C82D3A7D1C2}.Release|iPhone.Deploy.0 = Release|Any CPU
		{D5E8BB97-A3A0-4725-8EF5-0C82D3A7D1C2}.Release|iPhoneSimulator.ActiveCfg = Release|Any CPU
		{D5E8BB97-A3A0-4725-8EF5-0C82D3A7D1C2}.Release|iPhoneSimulator.Build.0 = Release|Any CPU
		{D5E8BB97-A3A0-4725-8EF5-0C82D3A7D1C2}.Release|iPhoneSimulator.Deploy.0 = Release|Any CPU
		{CDC94B57-1E83-4686-A41B-E526E894BC04}.Ad-Hoc|Any CPU.ActiveCfg = Debug|Any CPU
		{CDC94B57-1E83-4686-A41B-E526E894BC04}.Ad-Hoc|Any CPU.Build.0 = Debug|Any CPU
		{CDC94B57-1E83-4686-A41B-E526E894BC04}.Ad-Hoc|iPhone.ActiveCfg = Debug|Any CPU
		{CDC94B57-1E83-4686-A41B-E526E894BC04}.Ad-Hoc|iPhone.Build.0 = Debug|Any CPU
		{CDC94B57-1E83-4686-A41B-E526E894BC04}.Ad-Hoc|iPhoneSimulator.ActiveCfg = Debug|Any CPU
		{CDC94B57-1E83-4686-A41B-E526E894BC04}.Ad-Hoc|iPhoneSimulator.Build.0 = Debug|Any CPU
		{CDC94B57-1E83-4686-A41B-E526E894BC04}.AppStore|Any CPU.ActiveCfg = Debug|Any CPU
		{CDC94B57-1E83-4686-A41B-E526E894BC04}.AppStore|Any CPU.Build.0 = Debug|Any CPU
		{CDC94B57-1E83-4686-A41B-E526E894BC04}.AppStore|iPhone.ActiveCfg = Debug|Any CPU
		{CDC94B57-1E83-4686-A41B-E526E894BC04}.AppStore|iPhone.Build.0 = Debug|Any CPU
		{CDC94B57-1E83-4686-A41B-E526E894BC04}.AppStore|iPhoneSimulator.ActiveCfg = Debug|Any CPU
		{CDC94B57-1E83-4686-A41B-E526E894BC04}.AppStore|iPhoneSimulator.Build.0 = Debug|Any CPU
		{CDC94B57-1E83-4686-A41B-E526E894BC04}.Debug Trial|Any CPU.ActiveCfg = Debug|Any CPU
		{CDC94B57-1E83-4686-A41B-E526E894BC04}.Debug Trial|Any CPU.Build.0 = Debug|Any CPU
		{CDC94B57-1E83-4686-A41B-E526E894BC04}.Debug Trial|iPhone.ActiveCfg = Debug|Any CPU
		{CDC94B57-1E83-4686-A41B-E526E894BC04}.Debug Trial|iPhone.Build.0 = Debug|Any CPU
		{CDC94B57-1E83-4686-A41B-E526E894BC04}.Debug Trial|iPhoneSimulator.ActiveCfg = Debug|Any CPU
		{CDC94B57-1E83-4686-A41B-E526E894BC04}.Debug Trial|iPhoneSimulator.Build.0 = Debug|Any CPU
		{CDC94B57-1E83-4686-A41B-E526E894BC04}.Debug|Any CPU.ActiveCfg = Debug|Any CPU
		{CDC94B57-1E83-4686-A41B-E526E894BC04}.Debug|Any CPU.Build.0 = Debug|Any CPU
		{CDC94B57-1E83-4686-A41B-E526E894BC04}.Debug|iPhone.ActiveCfg = Debug|Any CPU
		{CDC94B57-1E83-4686-A41B-E526E894BC04}.Debug|iPhone.Build.0 = Debug|Any CPU
		{CDC94B57-1E83-4686-A41B-E526E894BC04}.Debug|iPhoneSimulator.ActiveCfg = Debug|Any CPU
		{CDC94B57-1E83-4686-A41B-E526E894BC04}.Debug|iPhoneSimulator.Build.0 = Debug|Any CPU
		{CDC94B57-1E83-4686-A41B-E526E894BC04}.Release Trial|Any CPU.ActiveCfg = Release|Any CPU
		{CDC94B57-1E83-4686-A41B-E526E894BC04}.Release Trial|Any CPU.Build.0 = Release|Any CPU
		{CDC94B57-1E83-4686-A41B-E526E894BC04}.Release Trial|iPhone.ActiveCfg = Release|Any CPU
		{CDC94B57-1E83-4686-A41B-E526E894BC04}.Release Trial|iPhone.Build.0 = Release|Any CPU
		{CDC94B57-1E83-4686-A41B-E526E894BC04}.Release Trial|iPhoneSimulator.ActiveCfg = Release|Any CPU
		{CDC94B57-1E83-4686-A41B-E526E894BC04}.Release Trial|iPhoneSimulator.Build.0 = Release|Any CPU
		{CDC94B57-1E83-4686-A41B-E526E894BC04}.Release|Any CPU.ActiveCfg = Release|Any CPU
		{CDC94B57-1E83-4686-A41B-E526E894BC04}.Release|Any CPU.Build.0 = Release|Any CPU
		{CDC94B57-1E83-4686-A41B-E526E894BC04}.Release|iPhone.ActiveCfg = Release|Any CPU
		{CDC94B57-1E83-4686-A41B-E526E894BC04}.Release|iPhone.Build.0 = Release|Any CPU
		{CDC94B57-1E83-4686-A41B-E526E894BC04}.Release|iPhoneSimulator.ActiveCfg = Release|Any CPU
		{CDC94B57-1E83-4686-A41B-E526E894BC04}.Release|iPhoneSimulator.Build.0 = Release|Any CPU
		{9E4F87A7-B02D-46D4-89C1-69E9AEFF5AD7}.Ad-Hoc|Any CPU.ActiveCfg = Release|Any CPU
		{9E4F87A7-B02D-46D4-89C1-69E9AEFF5AD7}.Ad-Hoc|Any CPU.Build.0 = Release|Any CPU
		{9E4F87A7-B02D-46D4-89C1-69E9AEFF5AD7}.Ad-Hoc|Any CPU.Deploy.0 = Release|Any CPU
		{9E4F87A7-B02D-46D4-89C1-69E9AEFF5AD7}.Ad-Hoc|iPhone.ActiveCfg = Release|Any CPU
		{9E4F87A7-B02D-46D4-89C1-69E9AEFF5AD7}.Ad-Hoc|iPhone.Build.0 = Release|Any CPU
		{9E4F87A7-B02D-46D4-89C1-69E9AEFF5AD7}.Ad-Hoc|iPhone.Deploy.0 = Release|Any CPU
		{9E4F87A7-B02D-46D4-89C1-69E9AEFF5AD7}.Ad-Hoc|iPhoneSimulator.ActiveCfg = Release|Any CPU
		{9E4F87A7-B02D-46D4-89C1-69E9AEFF5AD7}.Ad-Hoc|iPhoneSimulator.Build.0 = Release|Any CPU
		{9E4F87A7-B02D-46D4-89C1-69E9AEFF5AD7}.Ad-Hoc|iPhoneSimulator.Deploy.0 = Release|Any CPU
		{9E4F87A7-B02D-46D4-89C1-69E9AEFF5AD7}.AppStore|Any CPU.ActiveCfg = Release|Any CPU
		{9E4F87A7-B02D-46D4-89C1-69E9AEFF5AD7}.AppStore|Any CPU.Build.0 = Release|Any CPU
		{9E4F87A7-B02D-46D4-89C1-69E9AEFF5AD7}.AppStore|Any CPU.Deploy.0 = Release|Any CPU
		{9E4F87A7-B02D-46D4-89C1-69E9AEFF5AD7}.AppStore|iPhone.ActiveCfg = Release|Any CPU
		{9E4F87A7-B02D-46D4-89C1-69E9AEFF5AD7}.AppStore|iPhone.Build.0 = Release|Any CPU
		{9E4F87A7-B02D-46D4-89C1-69E9AEFF5AD7}.AppStore|iPhone.Deploy.0 = Release|Any CPU
		{9E4F87A7-B02D-46D4-89C1-69E9AEFF5AD7}.AppStore|iPhoneSimulator.ActiveCfg = Release|Any CPU
		{9E4F87A7-B02D-46D4-89C1-69E9AEFF5AD7}.AppStore|iPhoneSimulator.Build.0 = Release|Any CPU
		{9E4F87A7-B02D-46D4-89C1-69E9AEFF5AD7}.AppStore|iPhoneSimulator.Deploy.0 = Release|Any CPU
		{9E4F87A7-B02D-46D4-89C1-69E9AEFF5AD7}.Debug Trial|Any CPU.ActiveCfg = Debug|Any CPU
		{9E4F87A7-B02D-46D4-89C1-69E9AEFF5AD7}.Debug Trial|Any CPU.Build.0 = Debug|Any CPU
		{9E4F87A7-B02D-46D4-89C1-69E9AEFF5AD7}.Debug Trial|Any CPU.Deploy.0 = Debug|Any CPU
		{9E4F87A7-B02D-46D4-89C1-69E9AEFF5AD7}.Debug Trial|iPhone.ActiveCfg = Debug|Any CPU
		{9E4F87A7-B02D-46D4-89C1-69E9AEFF5AD7}.Debug Trial|iPhone.Build.0 = Debug|Any CPU
		{9E4F87A7-B02D-46D4-89C1-69E9AEFF5AD7}.Debug Trial|iPhone.Deploy.0 = Debug|Any CPU
		{9E4F87A7-B02D-46D4-89C1-69E9AEFF5AD7}.Debug Trial|iPhoneSimulator.ActiveCfg = Debug|Any CPU
		{9E4F87A7-B02D-46D4-89C1-69E9AEFF5AD7}.Debug Trial|iPhoneSimulator.Build.0 = Debug|Any CPU
		{9E4F87A7-B02D-46D4-89C1-69E9AEFF5AD7}.Debug Trial|iPhoneSimulator.Deploy.0 = Debug|Any CPU
		{9E4F87A7-B02D-46D4-89C1-69E9AEFF5AD7}.Debug|Any CPU.ActiveCfg = Debug|Any CPU
		{9E4F87A7-B02D-46D4-89C1-69E9AEFF5AD7}.Debug|Any CPU.Build.0 = Debug|Any CPU
		{9E4F87A7-B02D-46D4-89C1-69E9AEFF5AD7}.Debug|Any CPU.Deploy.0 = Debug|Any CPU
		{9E4F87A7-B02D-46D4-89C1-69E9AEFF5AD7}.Debug|iPhone.ActiveCfg = Debug|Any CPU
		{9E4F87A7-B02D-46D4-89C1-69E9AEFF5AD7}.Debug|iPhone.Build.0 = Debug|Any CPU
		{9E4F87A7-B02D-46D4-89C1-69E9AEFF5AD7}.Debug|iPhone.Deploy.0 = Debug|Any CPU
		{9E4F87A7-B02D-46D4-89C1-69E9AEFF5AD7}.Debug|iPhoneSimulator.ActiveCfg = Debug|Any CPU
		{9E4F87A7-B02D-46D4-89C1-69E9AEFF5AD7}.Debug|iPhoneSimulator.Build.0 = Debug|Any CPU
		{9E4F87A7-B02D-46D4-89C1-69E9AEFF5AD7}.Debug|iPhoneSimulator.Deploy.0 = Debug|Any CPU
		{9E4F87A7-B02D-46D4-89C1-69E9AEFF5AD7}.Release Trial|Any CPU.ActiveCfg = Release|Any CPU
		{9E4F87A7-B02D-46D4-89C1-69E9AEFF5AD7}.Release Trial|Any CPU.Build.0 = Release|Any CPU
		{9E4F87A7-B02D-46D4-89C1-69E9AEFF5AD7}.Release Trial|Any CPU.Deploy.0 = Release|Any CPU
		{9E4F87A7-B02D-46D4-89C1-69E9AEFF5AD7}.Release Trial|iPhone.ActiveCfg = Release|Any CPU
		{9E4F87A7-B02D-46D4-89C1-69E9AEFF5AD7}.Release Trial|iPhone.Build.0 = Release|Any CPU
		{9E4F87A7-B02D-46D4-89C1-69E9AEFF5AD7}.Release Trial|iPhone.Deploy.0 = Release|Any CPU
		{9E4F87A7-B02D-46D4-89C1-69E9AEFF5AD7}.Release Trial|iPhoneSimulator.ActiveCfg = Release|Any CPU
		{9E4F87A7-B02D-46D4-89C1-69E9AEFF5AD7}.Release Trial|iPhoneSimulator.Build.0 = Release|Any CPU
		{9E4F87A7-B02D-46D4-89C1-69E9AEFF5AD7}.Release Trial|iPhoneSimulator.Deploy.0 = Release|Any CPU
		{9E4F87A7-B02D-46D4-89C1-69E9AEFF5AD7}.Release|Any CPU.ActiveCfg = Release|Any CPU
		{9E4F87A7-B02D-46D4-89C1-69E9AEFF5AD7}.Release|Any CPU.Build.0 = Release|Any CPU
		{9E4F87A7-B02D-46D4-89C1-69E9AEFF5AD7}.Release|Any CPU.Deploy.0 = Release|Any CPU
		{9E4F87A7-B02D-46D4-89C1-69E9AEFF5AD7}.Release|iPhone.ActiveCfg = Release|Any CPU
		{9E4F87A7-B02D-46D4-89C1-69E9AEFF5AD7}.Release|iPhone.Build.0 = Release|Any CPU
		{9E4F87A7-B02D-46D4-89C1-69E9AEFF5AD7}.Release|iPhone.Deploy.0 = Release|Any CPU
		{9E4F87A7-B02D-46D4-89C1-69E9AEFF5AD7}.Release|iPhoneSimulator.ActiveCfg = Release|Any CPU
		{9E4F87A7-B02D-46D4-89C1-69E9AEFF5AD7}.Release|iPhoneSimulator.Build.0 = Release|Any CPU
		{9E4F87A7-B02D-46D4-89C1-69E9AEFF5AD7}.Release|iPhoneSimulator.Deploy.0 = Release|Any CPU
		{C0C029E3-9D97-46F9-8FFD-C15E2AB4AAFC}.Ad-Hoc|Any CPU.ActiveCfg = Debug|Any CPU
		{C0C029E3-9D97-46F9-8FFD-C15E2AB4AAFC}.Ad-Hoc|Any CPU.Build.0 = Debug|Any CPU
		{C0C029E3-9D97-46F9-8FFD-C15E2AB4AAFC}.Ad-Hoc|iPhone.ActiveCfg = Debug|Any CPU
		{C0C029E3-9D97-46F9-8FFD-C15E2AB4AAFC}.Ad-Hoc|iPhone.Build.0 = Debug|Any CPU
		{C0C029E3-9D97-46F9-8FFD-C15E2AB4AAFC}.Ad-Hoc|iPhoneSimulator.ActiveCfg = Debug|Any CPU
		{C0C029E3-9D97-46F9-8FFD-C15E2AB4AAFC}.Ad-Hoc|iPhoneSimulator.Build.0 = Debug|Any CPU
		{C0C029E3-9D97-46F9-8FFD-C15E2AB4AAFC}.AppStore|Any CPU.ActiveCfg = Debug|Any CPU
		{C0C029E3-9D97-46F9-8FFD-C15E2AB4AAFC}.AppStore|Any CPU.Build.0 = Debug|Any CPU
		{C0C029E3-9D97-46F9-8FFD-C15E2AB4AAFC}.AppStore|iPhone.ActiveCfg = Debug|Any CPU
		{C0C029E3-9D97-46F9-8FFD-C15E2AB4AAFC}.AppStore|iPhone.Build.0 = Debug|Any CPU
		{C0C029E3-9D97-46F9-8FFD-C15E2AB4AAFC}.AppStore|iPhoneSimulator.ActiveCfg = Debug|Any CPU
		{C0C029E3-9D97-46F9-8FFD-C15E2AB4AAFC}.AppStore|iPhoneSimulator.Build.0 = Debug|Any CPU
		{C0C029E3-9D97-46F9-8FFD-C15E2AB4AAFC}.Debug Trial|Any CPU.ActiveCfg = Debug|Any CPU
		{C0C029E3-9D97-46F9-8FFD-C15E2AB4AAFC}.Debug Trial|Any CPU.Build.0 = Debug|Any CPU
		{C0C029E3-9D97-46F9-8FFD-C15E2AB4AAFC}.Debug Trial|iPhone.ActiveCfg = Debug|Any CPU
		{C0C029E3-9D97-46F9-8FFD-C15E2AB4AAFC}.Debug Trial|iPhone.Build.0 = Debug|Any CPU
		{C0C029E3-9D97-46F9-8FFD-C15E2AB4AAFC}.Debug Trial|iPhoneSimulator.ActiveCfg = Debug|Any CPU
		{C0C029E3-9D97-46F9-8FFD-C15E2AB4AAFC}.Debug Trial|iPhoneSimulator.Build.0 = Debug|Any CPU
		{C0C029E3-9D97-46F9-8FFD-C15E2AB4AAFC}.Debug|Any CPU.ActiveCfg = Debug|Any CPU
		{C0C029E3-9D97-46F9-8FFD-C15E2AB4AAFC}.Debug|Any CPU.Build.0 = Debug|Any CPU
		{C0C029E3-9D97-46F9-8FFD-C15E2AB4AAFC}.Debug|iPhone.ActiveCfg = Debug|Any CPU
		{C0C029E3-9D97-46F9-8FFD-C15E2AB4AAFC}.Debug|iPhone.Build.0 = Debug|Any CPU
		{C0C029E3-9D97-46F9-8FFD-C15E2AB4AAFC}.Debug|iPhoneSimulator.ActiveCfg = Debug|Any CPU
		{C0C029E3-9D97-46F9-8FFD-C15E2AB4AAFC}.Debug|iPhoneSimulator.Build.0 = Debug|Any CPU
		{C0C029E3-9D97-46F9-8FFD-C15E2AB4AAFC}.Release Trial|Any CPU.ActiveCfg = Release|Any CPU
		{C0C029E3-9D97-46F9-8FFD-C15E2AB4AAFC}.Release Trial|Any CPU.Build.0 = Release|Any CPU
		{C0C029E3-9D97-46F9-8FFD-C15E2AB4AAFC}.Release Trial|iPhone.ActiveCfg = Release|Any CPU
		{C0C029E3-9D97-46F9-8FFD-C15E2AB4AAFC}.Release Trial|iPhone.Build.0 = Release|Any CPU
		{C0C029E3-9D97-46F9-8FFD-C15E2AB4AAFC}.Release Trial|iPhoneSimulator.ActiveCfg = Release|Any CPU
		{C0C029E3-9D97-46F9-8FFD-C15E2AB4AAFC}.Release Trial|iPhoneSimulator.Build.0 = Release|Any CPU
		{C0C029E3-9D97-46F9-8FFD-C15E2AB4AAFC}.Release|Any CPU.ActiveCfg = Release|Any CPU
		{C0C029E3-9D97-46F9-8FFD-C15E2AB4AAFC}.Release|Any CPU.Build.0 = Release|Any CPU
		{C0C029E3-9D97-46F9-8FFD-C15E2AB4AAFC}.Release|iPhone.ActiveCfg = Release|Any CPU
		{C0C029E3-9D97-46F9-8FFD-C15E2AB4AAFC}.Release|iPhone.Build.0 = Release|Any CPU
		{C0C029E3-9D97-46F9-8FFD-C15E2AB4AAFC}.Release|iPhoneSimulator.ActiveCfg = Release|Any CPU
		{C0C029E3-9D97-46F9-8FFD-C15E2AB4AAFC}.Release|iPhoneSimulator.Build.0 = Release|Any CPU
	EndGlobalSection
	GlobalSection(SolutionProperties) = preSolution
		HideSolutionNode = FALSE
	EndGlobalSection
	GlobalSection(NestedProjects) = preSolution
		{486A0D24-5691-4507-A937-127B9B980470} = {704B5DA0-9A25-43E1-87D3-21AD9A8873D0}
		{6560F0FB-54CD-4C1F-B5BE-B81ED8CEC7A2} = {FC5F70F7-9D21-445F-86C9-297E9BE6E920}
		{E8ACBE23-264D-4FCD-98C4-88D58BFCBEDD} = {0DBC5592-B121-424C-93C2-D7D5CF0C0023}
		{D63209C0-B18F-4589-9D86-3BD44923EE60} = {0DBC5592-B121-424C-93C2-D7D5CF0C0023}
		{376C761C-1421-471D-95AB-4705E62AF0A7} = {0DBC5592-B121-424C-93C2-D7D5CF0C0023}
		{D0C66F8F-5BB2-48D7-90CF-0D70537C9ECA} = {704B5DA0-9A25-43E1-87D3-21AD9A8873D0}
		{B6EB0B29-807B-49B7-AC2F-7DAFBC8E8EDA} = {FC5F70F7-9D21-445F-86C9-297E9BE6E920}
		{F0406080-55CF-47DC-AF1D-30F8FD9488F8} = {704B5DA0-9A25-43E1-87D3-21AD9A8873D0}
		{E79BA84A-DA88-4127-9F44-A1B56519CB17} = {FC5F70F7-9D21-445F-86C9-297E9BE6E920}
		{B4161E75-8DA5-4A41-89FE-41DD6E992CD6} = {704B5DA0-9A25-43E1-87D3-21AD9A8873D0}
		{B94AF10F-3A2C-4BE9-B051-A897AC4FE11C} = {FC5F70F7-9D21-445F-86C9-297E9BE6E920}
		{583F19B7-702C-4EC6-8C04-54C3E39BE2B5} = {704B5DA0-9A25-43E1-87D3-21AD9A8873D0}
		{206D421E-C8D0-4ECB-9E94-9FE5E2FAF47C} = {FC5F70F7-9D21-445F-86C9-297E9BE6E920}
		{D5E8BB97-A3A0-4725-8EF5-0C82D3A7D1C2} = {BE987CEB-560C-4C20-A857-BFC7D7B58680}
		{CDC94B57-1E83-4686-A41B-E526E894BC04} = {BE987CEB-560C-4C20-A857-BFC7D7B58680}
		{2700CDCB-67DA-48CA-B58A-8661346D001A} = {4BC5E638-D506-4728-A009-D8008256DA6C}
		{9E4F87A7-B02D-46D4-89C1-69E9AEFF5AD7} = {4BC5E638-D506-4728-A009-D8008256DA6C}
		{C0C029E3-9D97-46F9-8FFD-C15E2AB4AAFC} = {4BC5E638-D506-4728-A009-D8008256DA6C}
	EndGlobalSection
	GlobalSection(ExtensibilityGlobals) = postSolution
		SolutionGuid = {3BF2D3B3-D0E6-4B21-AC47-EFAA1714483F}
		EnterpriseLibraryConfigurationToolBinariesPathV6 = packages\EnterpriseLibrary.Common.6.0.1304.0\lib\NET45;packages\EnterpriseLibrary.Logging.6.0.1304.0\lib\NET45
	EndGlobalSection
EndGlobal
